Microsoft Visual Studio Solution File, Format Version 8.00
Project("{8BC9CEB8-8B4A-11D0-8D11-00A0C91BC942}") = "_TOP_LEVEL", "_TOP_LEVEL.vcproj", "{02D4B7C5-DECA-4D0B-B9D1-21134C634B67}"
	ProjectSection(ProjectDependencies) = postProject
		{AE9E0846-0EDB-4334-923B-69157B69D2B8} = {AE9E0846-0EDB-4334-923B-69157B69D2B8}
		{53D9A27E-A065-4947-B46F-A0BBA2CA883A} = {53D9A27E-A065-4947-B46F-A0BBA2CA883A}
		{A9BDB315-5428-4AD4-8333-28659715BAA8} = {A9BDB315-5428-4AD4-8333-28659715BAA8}
		{B9C22A48-333F-4177-8C5E-206BFD8594D5} = {B9C22A48-333F-4177-8C5E-206BFD8594D5}
		{FB4B83CB-7D90-405C-AEC9-36BF7EDC60F5} = {FB4B83CB-7D90-405C-AEC9-36BF7EDC60F5}
		{67225A5D-B9C1-4F7D-B51D-EF84651F6453} = {67225A5D-B9C1-4F7D-B51D-EF84651F6453}
		{C3AE6F94-196D-4880-A8CD-6B20FAB11CC2} = {C3AE6F94-196D-4880-A8CD-6B20FAB11CC2}
		{CC51193D-9D91-465F-B8DF-65589B9DB502} = {CC51193D-9D91-465F-B8DF-65589B9DB502}
		{F2DDA2B0-40B2-4D38-9C3A-F9477302E14B} = {F2DDA2B0-40B2-4D38-9C3A-F9477302E14B}
		{8A335D66-A2B0-4C8E-A07C-DD4E89941A2F} = {8A335D66-A2B0-4C8E-A07C-DD4E89941A2F}
	EndProjectSection
EndProject
Project("{8BC9CEB8-8B4A-11D0-8D11-00A0C91BC942}") = "qtssh", "qtssh.vcproj", "{B9C22A48-333F-4177-8C5E-206BFD8594D5}"
	ProjectSection(ProjectDependencies) = postProject
		{8F8D1895-309C-4224-B844-DE5A43048F2C} = {8F8D1895-309C-4224-B844-DE5A43048F2C}
	EndProjectSection
EndProject
Project("{8BC9CEB8-8B4A-11D0-8D11-00A0C91BC942}") = "remotecommand", "remotecommand.vcproj", "{8F8D1895-309C-4224-B844-DE5A43048F2C}"
	ProjectSection(ProjectDependencies) = postProject
	EndProjectSection
EndProject
Project("{8BC9CEB8-8B4A-11D0-8D11-00A0C91BC942}") = "silex", "silex.vcproj", "{A9BDB315-5428-4AD4-8333-28659715BAA8}"
	ProjectSection(ProjectDependencies) = postProject
	EndProjectSection
EndProject
Project("{8BC9CEB8-8B4A-11D0-8D11-00A0C91BC942}") = "xml2atts", "xml2atts.vcproj", "{8A335D66-A2B0-4C8E-A07C-DD4E89941A2F}"
	ProjectSection(ProjectDependencies) = postProject
	EndProjectSection
EndProject
Project("{8BC9CEB8-8B4A-11D0-8D11-00A0C91BC942}") = "xml2avt", "xml2avt.vcproj", "{F2DDA2B0-40B2-4D38-9C3A-F9477302E14B}"
	ProjectSection(ProjectDependencies) = postProject
	EndProjectSection
EndProject
Project("{8BC9CEB8-8B4A-11D0-8D11-00A0C91BC942}") = "xml2info", "xml2info.vcproj", "{CC51193D-9D91-465F-B8DF-65589B9DB502}"
	ProjectSection(ProjectDependencies) = postProject
	EndProjectSection
EndProject
Project("{8BC9CEB8-8B4A-11D0-8D11-00A0C91BC942}") = "xml2java", "xml2java.vcproj", "{C3AE6F94-196D-4880-A8CD-6B20FAB11CC2}"
	ProjectSection(ProjectDependencies) = postProject
	EndProjectSection
EndProject
Project("{8BC9CEB8-8B4A-11D0-8D11-00A0C91BC942}") = "xml2projectfile", "xml2projectfile.vcproj", "{AE9E0846-0EDB-4334-923B-69157B69D2B8}"
	ProjectSection(ProjectDependencies) = postProject
	EndProjectSection
EndProject
Project("{8BC9CEB8-8B4A-11D0-8D11-00A0C91BC942}") = "xml2python", "xml2python.vcproj", "{67225A5D-B9C1-4F7D-B51D-EF84651F6453}"
	ProjectSection(ProjectDependencies) = postProject
	EndProjectSection
EndProject
Project("{8BC9CEB8-8B4A-11D0-8D11-00A0C91BC942}") = "xml2window", "xml2window.vcproj", "{FB4B83CB-7D90-405C-AEC9-36BF7EDC60F5}"
	ProjectSection(ProjectDependencies) = postProject
	EndProjectSection
EndProject
Project("{8BC9CEB8-8B4A-11D0-8D11-00A0C91BC942}") = "xmledit", "xmledit.vcproj", "{53D9A27E-A065-4947-B46F-A0BBA2CA883A}"
	ProjectSection(ProjectDependencies) = postProject
	EndProjectSection
EndProject
Global
	GlobalSection(SolutionConfiguration) = preSolution
		Debug = Debug
		Release = Release
	EndGlobalSection
	GlobalSection(ProjectConfiguration) = postSolution
		{02D4B7C5-DECA-4D0B-B9D1-21134C634B67}.Debug.ActiveCfg = Debug|Win32
		{02D4B7C5-DECA-4D0B-B9D1-21134C634B67}.Debug.Build.0 = Debug|Win32
		{02D4B7C5-DECA-4D0B-B9D1-21134C634B67}.Release.ActiveCfg = Release|Win32
		{02D4B7C5-DECA-4D0B-B9D1-21134C634B67}.Release.Build.0 = Release|Win32
		{B9C22A48-333F-4177-8C5E-206BFD8594D5}.Debug.ActiveCfg = Debug|Win32
		{B9C22A48-333F-4177-8C5E-206BFD8594D5}.Debug.Build.0 = Debug|Win32
		{B9C22A48-333F-4177-8C5E-206BFD8594D5}.Release.ActiveCfg = Release|Win32
		{B9C22A48-333F-4177-8C5E-206BFD8594D5}.Release.Build.0 = Release|Win32
		{8F8D1895-309C-4224-B844-DE5A43048F2C}.Debug.ActiveCfg = Debug|Win32
		{8F8D1895-309C-4224-B844-DE5A43048F2C}.Debug.Build.0 = Debug|Win32
		{8F8D1895-309C-4224-B844-DE5A43048F2C}.Release.ActiveCfg = Release|Win32
		{8F8D1895-309C-4224-B844-DE5A43048F2C}.Release.Build.0 = Release|Win32
		{A9BDB315-5428-4AD4-8333-28659715BAA8}.Debug.ActiveCfg = Debug|Win32
		{A9BDB315-5428-4AD4-8333-28659715BAA8}.Debug.Build.0 = Debug|Win32
		{A9BDB315-5428-4AD4-8333-28659715BAA8}.Release.ActiveCfg = Release|Win32
		{A9BDB315-5428-4AD4-8333-28659715BAA8}.Release.Build.0 = Release|Win32
		{8A335D66-A2B0-4C8E-A07C-DD4E89941A2F}.Debug.ActiveCfg = Debug|Win32
		{8A335D66-A2B0-4C8E-A07C-DD4E89941A2F}.Debug.Build.0 = Debug|Win32
		{8A335D66-A2B0-4C8E-A07C-DD4E89941A2F}.Release.ActiveCfg = Release|Win32
		{8A335D66-A2B0-4C8E-A07C-DD4E89941A2F}.Release.Build.0 = Release|Win32
		{F2DDA2B0-40B2-4D38-9C3A-F9477302E14B}.Debug.ActiveCfg = Debug|Win32
		{F2DDA2B0-40B2-4D38-9C3A-F9477302E14B}.Debug.Build.0 = Debug|Win32
		{F2DDA2B0-40B2-4D38-9C3A-F9477302E14B}.Release.ActiveCfg = Release|Win32
		{F2DDA2B0-40B2-4D38-9C3A-F9477302E14B}.Release.Build.0 = Release|Win32
		{CC51193D-9D91-465F-B8DF-65589B9DB502}.Debug.ActiveCfg = Debug|Win32
		{CC51193D-9D91-465F-B8DF-65589B9DB502}.Debug.Build.0 = Debug|Win32
		{CC51193D-9D91-465F-B8DF-65589B9DB502}.Release.ActiveCfg = Release|Win32
		{CC51193D-9D91-465F-B8DF-65589B9DB502}.Release.Build.0 = Release|Win32
		{C3AE6F94-196D-4880-A8CD-6B20FAB11CC2}.Debug.ActiveCfg = Debug|Win32
		{C3AE6F94-196D-4880-A8CD-6B20FAB11CC2}.Debug.Build.0 = Debug|Win32
		{C3AE6F94-196D-4880-A8CD-6B20FAB11CC2}.Release.ActiveCfg = Release|Win32
		{C3AE6F94-196D-4880-A8CD-6B20FAB11CC2}.Release.Build.0 = Release|Win32
		{AE9E0846-0EDB-4334-923B-69157B69D2B8}.Debug.ActiveCfg = Debug|Win32
		{AE9E0846-0EDB-4334-923B-69157B69D2B8}.Debug.Build.0 = Debug|Win32
		{AE9E0846-0EDB-4334-923B-69157B69D2B8}.Release.ActiveCfg = Release|Win32
		{AE9E0846-0EDB-4334-923B-69157B69D2B8}.Release.Build.0 = Release|Win32
		{67225A5D-B9C1-4F7D-B51D-EF84651F6453}.Debug.ActiveCfg = Debug|Win32
		{67225A5D-B9C1-4F7D-B51D-EF84651F6453}.Debug.Build.0 = Debug|Win32
		{67225A5D-B9C1-4F7D-B51D-EF84651F6453}.Release.ActiveCfg = Release|Win32
		{67225A5D-B9C1-4F7D-B51D-EF84651F6453}.Release.Build.0 = Release|Win32
		{FB4B83CB-7D90-405C-AEC9-36BF7EDC60F5}.Debug.ActiveCfg = Debug|Win32
		{FB4B83CB-7D90-405C-AEC9-36BF7EDC60F5}.Debug.Build.0 = Debug|Win32
		{FB4B83CB-7D90-405C-AEC9-36BF7EDC60F5}.Release.ActiveCfg = Release|Win32
		{FB4B83CB-7D90-405C-AEC9-36BF7EDC60F5}.Release.Build.0 = Release|Win32
		{53D9A27E-A065-4947-B46F-A0BBA2CA883A}.Debug.ActiveCfg = Debug|Win32
		{53D9A27E-A065-4947-B46F-A0BBA2CA883A}.Debug.Build.0 = Debug|Win32
		{53D9A27E-A065-4947-B46F-A0BBA2CA883A}.Release.ActiveCfg = Release|Win32
		{53D9A27E-A065-4947-B46F-A0BBA2CA883A}.Release.Build.0 = Release|Win32
	EndGlobalSection
	GlobalSection(ExtensibilityGlobals) = postSolution
	EndGlobalSection
	GlobalSection(ExtensibilityAddIns) = postSolution
	EndGlobalSection
EndGlobal
