Microsoft Visual Studio Solution File, Format Version 8.00
Project("{8BC9CEB8-8B4A-11D0-8D11-00A0C91BC942}") = "Boundary", "Boundary.vcproj", "{6D05BFC7-CC82-4FE3-822B-8EF82E5336CE}"
	ProjectSection(ProjectDependencies) = postProject
		{D899485F-2ED2-43BF-A350-F7ECDCD91B0D} = {D899485F-2ED2-43BF-A350-F7ECDCD91B0D}
		{CC949CA0-B352-4AFE-8C09-F2BB3BF04979} = {CC949CA0-B352-4AFE-8C09-F2BB3BF04979}
		{80D40DAC-1FB5-48D5-A88D-42EDA2FD5E77} = {80D40DAC-1FB5-48D5-A88D-42EDA2FD5E77}
		{0E2F41D0-584D-48E2-9150-E09D84644D26} = {0E2F41D0-584D-48E2-9150-E09D84644D26}
		{C25080D6-AF86-4A1D-84FD-8188B0DEB9F1} = {C25080D6-AF86-4A1D-84FD-8188B0DEB9F1}
	EndProjectSection
EndProject
Project("{8BC9CEB8-8B4A-11D0-8D11-00A0C91BC942}") = "BoundaryE", "BoundaryE.vcproj", "{80D40DAC-1FB5-48D5-A88D-42EDA2FD5E77}"
	ProjectSection(ProjectDependencies) = postProject
	EndProjectSection
EndProject
Project("{8BC9CEB8-8B4A-11D0-8D11-00A0C91BC942}") = "BoundaryG", "BoundaryG.vcproj", "{0E2F41D0-584D-48E2-9150-E09D84644D26}"
	ProjectSection(ProjectDependencies) = postProject
	EndProjectSection
EndProject
Project("{8BC9CEB8-8B4A-11D0-8D11-00A0C91BC942}") = "BoundaryI", "BoundaryI.vcproj", "{CC949CA0-B352-4AFE-8C09-F2BB3BF04979}"
	ProjectSection(ProjectDependencies) = postProject
	EndProjectSection
EndProject
Project("{8BC9CEB8-8B4A-11D0-8D11-00A0C91BC942}") = "BoundaryS", "BoundaryS.vcproj", "{C25080D6-AF86-4A1D-84FD-8188B0DEB9F1}"
	ProjectSection(ProjectDependencies) = postProject
	EndProjectSection
EndProject
Project("{8BC9CEB8-8B4A-11D0-8D11-00A0C91BC942}") = "BoundaryV", "BoundaryV.vcproj", "{D899485F-2ED2-43BF-A350-F7ECDCD91B0D}"
	ProjectSection(ProjectDependencies) = postProject
	EndProjectSection
EndProject
Project("{8BC9CEB8-8B4A-11D0-8D11-00A0C91BC942}") = "Contour", "Contour.vcproj", "{4F1CA3D3-9DBC-45A3-858B-AD571DB56F04}"
	ProjectSection(ProjectDependencies) = postProject
		{C5DDD98E-3961-4F01-9589-B64FA0A43C17} = {C5DDD98E-3961-4F01-9589-B64FA0A43C17}
		{F5FAAE93-8C65-4680-AF83-7FAF810BB358} = {F5FAAE93-8C65-4680-AF83-7FAF810BB358}
		{87AFE3DA-A460-4747-846E-68B24FAAA2FB} = {87AFE3DA-A460-4747-846E-68B24FAAA2FB}
		{DFA313F1-C6B5-4678-8F82-E98B0893A239} = {DFA313F1-C6B5-4678-8F82-E98B0893A239}
		{9084FDF9-2D67-4619-99A5-2D00D2B7426D} = {9084FDF9-2D67-4619-99A5-2D00D2B7426D}
	EndProjectSection
EndProject
Project("{8BC9CEB8-8B4A-11D0-8D11-00A0C91BC942}") = "ContourE", "ContourE.vcproj", "{DFA313F1-C6B5-4678-8F82-E98B0893A239}"
	ProjectSection(ProjectDependencies) = postProject
	EndProjectSection
EndProject
Project("{8BC9CEB8-8B4A-11D0-8D11-00A0C91BC942}") = "ContourG", "ContourG.vcproj", "{F5FAAE93-8C65-4680-AF83-7FAF810BB358}"
	ProjectSection(ProjectDependencies) = postProject
	EndProjectSection
EndProject
Project("{8BC9CEB8-8B4A-11D0-8D11-00A0C91BC942}") = "ContourI", "ContourI.vcproj", "{9084FDF9-2D67-4619-99A5-2D00D2B7426D}"
	ProjectSection(ProjectDependencies) = postProject
	EndProjectSection
EndProject
Project("{8BC9CEB8-8B4A-11D0-8D11-00A0C91BC942}") = "ContourS", "ContourS.vcproj", "{87AFE3DA-A460-4747-846E-68B24FAAA2FB}"
	ProjectSection(ProjectDependencies) = postProject
	EndProjectSection
EndProject
Project("{8BC9CEB8-8B4A-11D0-8D11-00A0C91BC942}") = "ContourV", "ContourV.vcproj", "{C5DDD98E-3961-4F01-9589-B64FA0A43C17}"
	ProjectSection(ProjectDependencies) = postProject
	EndProjectSection
EndProject
Project("{8BC9CEB8-8B4A-11D0-8D11-00A0C91BC942}") = "Curve", "Curve.vcproj", "{7B06A322-05E6-4B66-8567-B16A7F5460A3}"
	ProjectSection(ProjectDependencies) = postProject
		{BFA94804-56CA-451B-AC26-DC207C6C895B} = {BFA94804-56CA-451B-AC26-DC207C6C895B}
		{40A3888C-D16B-4D34-A832-9B72E2784A69} = {40A3888C-D16B-4D34-A832-9B72E2784A69}
		{8260B6BF-9FD0-45A8-8A74-2E8D5A319C3D} = {8260B6BF-9FD0-45A8-8A74-2E8D5A319C3D}
		{12B7C8D0-B705-4B5C-A522-72504A1610F6} = {12B7C8D0-B705-4B5C-A522-72504A1610F6}
		{811455F2-8C9E-4D3A-A53A-535D25CE7E7F} = {811455F2-8C9E-4D3A-A53A-535D25CE7E7F}
	EndProjectSection
EndProject
Project("{8BC9CEB8-8B4A-11D0-8D11-00A0C91BC942}") = "CurveE", "CurveE.vcproj", "{811455F2-8C9E-4D3A-A53A-535D25CE7E7F}"
	ProjectSection(ProjectDependencies) = postProject
	EndProjectSection
EndProject
Project("{8BC9CEB8-8B4A-11D0-8D11-00A0C91BC942}") = "CurveG", "CurveG.vcproj", "{8260B6BF-9FD0-45A8-8A74-2E8D5A319C3D}"
	ProjectSection(ProjectDependencies) = postProject
	EndProjectSection
EndProject
Project("{8BC9CEB8-8B4A-11D0-8D11-00A0C91BC942}") = "CurveI", "CurveI.vcproj", "{BFA94804-56CA-451B-AC26-DC207C6C895B}"
	ProjectSection(ProjectDependencies) = postProject
	EndProjectSection
EndProject
Project("{8BC9CEB8-8B4A-11D0-8D11-00A0C91BC942}") = "CurveS", "CurveS.vcproj", "{12B7C8D0-B705-4B5C-A522-72504A1610F6}"
	ProjectSection(ProjectDependencies) = postProject
	EndProjectSection
EndProject
Project("{8BC9CEB8-8B4A-11D0-8D11-00A0C91BC942}") = "CurveV", "CurveV.vcproj", "{40A3888C-D16B-4D34-A832-9B72E2784A69}"
	ProjectSection(ProjectDependencies) = postProject
	EndProjectSection
EndProject
Project("{8BC9CEB8-8B4A-11D0-8D11-00A0C91BC942}") = "FilledBoundary", "FilledBoundary.vcproj", "{5ED97585-9B48-4522-A228-AECFFDE6428C}"
	ProjectSection(ProjectDependencies) = postProject
		{80E82420-6261-4165-A954-D93C23DFDC44} = {80E82420-6261-4165-A954-D93C23DFDC44}
		{B777D521-0550-40D9-B92E-0D7FA7DF3677} = {B777D521-0550-40D9-B92E-0D7FA7DF3677}
		{462B0B9C-85D8-43CA-AFCA-AFA6C7F21D64} = {462B0B9C-85D8-43CA-AFCA-AFA6C7F21D64}
		{B454889D-3DE4-494E-AB71-F9597CD62D96} = {B454889D-3DE4-494E-AB71-F9597CD62D96}
		{9A961FB6-DE71-418C-8367-E48B03006C4F} = {9A961FB6-DE71-418C-8367-E48B03006C4F}
	EndProjectSection
EndProject
Project("{8BC9CEB8-8B4A-11D0-8D11-00A0C91BC942}") = "FilledBoundaryE", "FilledBoundaryE.vcproj", "{80E82420-6261-4165-A954-D93C23DFDC44}"
	ProjectSection(ProjectDependencies) = postProject
	EndProjectSection
EndProject
Project("{8BC9CEB8-8B4A-11D0-8D11-00A0C91BC942}") = "FilledBoundaryG", "FilledBoundaryG.vcproj", "{462B0B9C-85D8-43CA-AFCA-AFA6C7F21D64}"
	ProjectSection(ProjectDependencies) = postProject
	EndProjectSection
EndProject
Project("{8BC9CEB8-8B4A-11D0-8D11-00A0C91BC942}") = "FilledBoundaryI", "FilledBoundaryI.vcproj", "{B777D521-0550-40D9-B92E-0D7FA7DF3677}"
	ProjectSection(ProjectDependencies) = postProject
	EndProjectSection
EndProject
Project("{8BC9CEB8-8B4A-11D0-8D11-00A0C91BC942}") = "FilledBoundaryS", "FilledBoundaryS.vcproj", "{9A961FB6-DE71-418C-8367-E48B03006C4F}"
	ProjectSection(ProjectDependencies) = postProject
	EndProjectSection
EndProject
Project("{8BC9CEB8-8B4A-11D0-8D11-00A0C91BC942}") = "FilledBoundaryV", "FilledBoundaryV.vcproj", "{B454889D-3DE4-494E-AB71-F9597CD62D96}"
	ProjectSection(ProjectDependencies) = postProject
	EndProjectSection
EndProject
Project("{8BC9CEB8-8B4A-11D0-8D11-00A0C91BC942}") = "Histogram", "Histogram.vcproj", "{756D90CC-7AD8-4431-A4C0-114258568E7F}"
	ProjectSection(ProjectDependencies) = postProject
		{74145A93-261B-4B32-9829-BBA41A28C5C8} = {74145A93-261B-4B32-9829-BBA41A28C5C8}
		{F525DBE9-5D91-46FF-A51F-834525A0A8D9} = {F525DBE9-5D91-46FF-A51F-834525A0A8D9}
		{417C62ED-5126-4373-8CD5-C9E5ED82F408} = {417C62ED-5126-4373-8CD5-C9E5ED82F408}
		{E0B6EEEE-FAF8-45F5-A3E6-C15B15ABDDEA} = {E0B6EEEE-FAF8-45F5-A3E6-C15B15ABDDEA}
		{F2465AFE-0B7B-495D-84A9-51B52E5D036F} = {F2465AFE-0B7B-495D-84A9-51B52E5D036F}
	EndProjectSection
EndProject
Project("{8BC9CEB8-8B4A-11D0-8D11-00A0C91BC942}") = "HistogramE", "HistogramE.vcproj", "{F525DBE9-5D91-46FF-A51F-834525A0A8D9}"
	ProjectSection(ProjectDependencies) = postProject
	EndProjectSection
EndProject
Project("{8BC9CEB8-8B4A-11D0-8D11-00A0C91BC942}") = "HistogramG", "HistogramG.vcproj", "{417C62ED-5126-4373-8CD5-C9E5ED82F408}"
	ProjectSection(ProjectDependencies) = postProject
	EndProjectSection
EndProject
Project("{8BC9CEB8-8B4A-11D0-8D11-00A0C91BC942}") = "HistogramI", "HistogramI.vcproj", "{74145A93-261B-4B32-9829-BBA41A28C5C8}"
	ProjectSection(ProjectDependencies) = postProject
	EndProjectSection
EndProject
Project("{8BC9CEB8-8B4A-11D0-8D11-00A0C91BC942}") = "HistogramS", "HistogramS.vcproj", "{F2465AFE-0B7B-495D-84A9-51B52E5D036F}"
	ProjectSection(ProjectDependencies) = postProject
	EndProjectSection
EndProject
Project("{8BC9CEB8-8B4A-11D0-8D11-00A0C91BC942}") = "HistogramV", "HistogramV.vcproj", "{E0B6EEEE-FAF8-45F5-A3E6-C15B15ABDDEA}"
	ProjectSection(ProjectDependencies) = postProject
	EndProjectSection
EndProject
Project("{8BC9CEB8-8B4A-11D0-8D11-00A0C91BC942}") = "Mesh", "Mesh.vcproj", "{492CE0FC-6FA2-4C99-BBE6-80EBE9EB16C6}"
	ProjectSection(ProjectDependencies) = postProject
		{CD1C6D27-909E-41BA-BBAA-6D56D9D95796} = {CD1C6D27-909E-41BA-BBAA-6D56D9D95796}
		{D8CD064E-7B13-40A9-9B7B-71A7B5F0E203} = {D8CD064E-7B13-40A9-9B7B-71A7B5F0E203}
		{CC736595-C404-4E06-999E-C57AA8B86FDF} = {CC736595-C404-4E06-999E-C57AA8B86FDF}
		{FF4D19E3-61DC-40D9-8624-8D77A2A7C183} = {FF4D19E3-61DC-40D9-8624-8D77A2A7C183}
		{18D4CDE4-4AB9-446F-91D9-05BC041D3F6F} = {18D4CDE4-4AB9-446F-91D9-05BC041D3F6F}
	EndProjectSection
EndProject
Project("{8BC9CEB8-8B4A-11D0-8D11-00A0C91BC942}") = "MeshE", "MeshE.vcproj", "{CC736595-C404-4E06-999E-C57AA8B86FDF}"
	ProjectSection(ProjectDependencies) = postProject
	EndProjectSection
EndProject
Project("{8BC9CEB8-8B4A-11D0-8D11-00A0C91BC942}") = "MeshG", "MeshG.vcproj", "{CD1C6D27-909E-41BA-BBAA-6D56D9D95796}"
	ProjectSection(ProjectDependencies) = postProject
	EndProjectSection
EndProject
Project("{8BC9CEB8-8B4A-11D0-8D11-00A0C91BC942}") = "MeshI", "MeshI.vcproj", "{18D4CDE4-4AB9-446F-91D9-05BC041D3F6F}"
	ProjectSection(ProjectDependencies) = postProject
	EndProjectSection
EndProject
Project("{8BC9CEB8-8B4A-11D0-8D11-00A0C91BC942}") = "MeshS", "MeshS.vcproj", "{FF4D19E3-61DC-40D9-8624-8D77A2A7C183}"
	ProjectSection(ProjectDependencies) = postProject
	EndProjectSection
EndProject
Project("{8BC9CEB8-8B4A-11D0-8D11-00A0C91BC942}") = "MeshV", "MeshV.vcproj", "{D8CD064E-7B13-40A9-9B7B-71A7B5F0E203}"
	ProjectSection(ProjectDependencies) = postProject
	EndProjectSection
EndProject
Project("{8BC9CEB8-8B4A-11D0-8D11-00A0C91BC942}") = "Streamline", "Streamline.vcproj", "{EF924C44-D298-4D3D-B423-4624AB39E7B3}"
	ProjectSection(ProjectDependencies) = postProject
		{255A8622-9CF4-49D5-B1D6-897EF8F64A4D} = {255A8622-9CF4-49D5-B1D6-897EF8F64A4D}
		{EA0AF74C-5D8A-439B-8822-86398FC843B2} = {EA0AF74C-5D8A-439B-8822-86398FC843B2}
		{739F107F-BEC5-4BD5-9FA6-BEA7FB8F034A} = {739F107F-BEC5-4BD5-9FA6-BEA7FB8F034A}
		{0D6706CA-CA31-4B0D-82B2-27C568003655} = {0D6706CA-CA31-4B0D-82B2-27C568003655}
		{AB3D9BCB-C2F6-4B2F-885C-ABEB33E003E1} = {AB3D9BCB-C2F6-4B2F-885C-ABEB33E003E1}
	EndProjectSection
EndProject
Project("{8BC9CEB8-8B4A-11D0-8D11-00A0C91BC942}") = "StreamlineE", "StreamlineE.vcproj", "{255A8622-9CF4-49D5-B1D6-897EF8F64A4D}"
	ProjectSection(ProjectDependencies) = postProject
	EndProjectSection
EndProject
Project("{8BC9CEB8-8B4A-11D0-8D11-00A0C91BC942}") = "StreamlineG", "StreamlineG.vcproj", "{EA0AF74C-5D8A-439B-8822-86398FC843B2}"
	ProjectSection(ProjectDependencies) = postProject
	EndProjectSection
EndProject
Project("{8BC9CEB8-8B4A-11D0-8D11-00A0C91BC942}") = "StreamlineI", "StreamlineI.vcproj", "{AB3D9BCB-C2F6-4B2F-885C-ABEB33E003E1}"
	ProjectSection(ProjectDependencies) = postProject
	EndProjectSection
EndProject
Project("{8BC9CEB8-8B4A-11D0-8D11-00A0C91BC942}") = "StreamlineS", "StreamlineS.vcproj", "{0D6706CA-CA31-4B0D-82B2-27C568003655}"
	ProjectSection(ProjectDependencies) = postProject
	EndProjectSection
EndProject
Project("{8BC9CEB8-8B4A-11D0-8D11-00A0C91BC942}") = "StreamlineV", "StreamlineV.vcproj", "{739F107F-BEC5-4BD5-9FA6-BEA7FB8F034A}"
	ProjectSection(ProjectDependencies) = postProject
	EndProjectSection
EndProject
Project("{8BC9CEB8-8B4A-11D0-8D11-00A0C91BC942}") = "Subset", "Subset.vcproj", "{710DA5C2-0935-40E8-9890-0495A9EE1AFB}"
	ProjectSection(ProjectDependencies) = postProject
		{3C03954C-4191-4A41-841D-FB50E0A5C0B8} = {3C03954C-4191-4A41-841D-FB50E0A5C0B8}
		{7F43296F-7CAF-47D0-8AD7-8FC83D7929AB} = {7F43296F-7CAF-47D0-8AD7-8FC83D7929AB}
		{AB4C9284-55ED-4124-A432-7B0ED1CF4F91} = {AB4C9284-55ED-4124-A432-7B0ED1CF4F91}
		{DE6B06D7-3DA5-43CF-BDCB-2F8A140927FB} = {DE6B06D7-3DA5-43CF-BDCB-2F8A140927FB}
		{32A63BE3-C799-4BAE-9D0A-603DEF79CFF4} = {32A63BE3-C799-4BAE-9D0A-603DEF79CFF4}
	EndProjectSection
EndProject
Project("{8BC9CEB8-8B4A-11D0-8D11-00A0C91BC942}") = "SubsetE", "SubsetE.vcproj", "{7F43296F-7CAF-47D0-8AD7-8FC83D7929AB}"
	ProjectSection(ProjectDependencies) = postProject
	EndProjectSection
EndProject
Project("{8BC9CEB8-8B4A-11D0-8D11-00A0C91BC942}") = "SubsetG", "SubsetG.vcproj", "{DE6B06D7-3DA5-43CF-BDCB-2F8A140927FB}"
	ProjectSection(ProjectDependencies) = postProject
	EndProjectSection
EndProject
Project("{8BC9CEB8-8B4A-11D0-8D11-00A0C91BC942}") = "SubsetI", "SubsetI.vcproj", "{32A63BE3-C799-4BAE-9D0A-603DEF79CFF4}"
	ProjectSection(ProjectDependencies) = postProject
	EndProjectSection
EndProject
Project("{8BC9CEB8-8B4A-11D0-8D11-00A0C91BC942}") = "SubsetS", "SubsetS.vcproj", "{AB4C9284-55ED-4124-A432-7B0ED1CF4F91}"
	ProjectSection(ProjectDependencies) = postProject
	EndProjectSection
EndProject
Project("{8BC9CEB8-8B4A-11D0-8D11-00A0C91BC942}") = "SubsetV", "SubsetV.vcproj", "{3C03954C-4191-4A41-841D-FB50E0A5C0B8}"
	ProjectSection(ProjectDependencies) = postProject
	EndProjectSection
EndProject
Project("{8BC9CEB8-8B4A-11D0-8D11-00A0C91BC942}") = "Surface", "Surface.vcproj", "{85CA3982-E2A8-49AD-AFB4-E5BE18805E08}"
	ProjectSection(ProjectDependencies) = postProject
		{7124FE27-99AC-4798-835A-043B590E449B} = {7124FE27-99AC-4798-835A-043B590E449B}
		{07A53A5A-9B9C-48E2-80CD-D99C393793E3} = {07A53A5A-9B9C-48E2-80CD-D99C393793E3}
		{B6946283-8DFD-4C90-A76E-E820EBB7E15E} = {B6946283-8DFD-4C90-A76E-E820EBB7E15E}
		{BFB5B099-7CE8-49BE-BE9C-813B143674FF} = {BFB5B099-7CE8-49BE-BE9C-813B143674FF}
		{EB48F3FB-9428-4D58-A218-A194B5B3EEE7} = {EB48F3FB-9428-4D58-A218-A194B5B3EEE7}
	EndProjectSection
EndProject
Project("{8BC9CEB8-8B4A-11D0-8D11-00A0C91BC942}") = "SurfaceE", "SurfaceE.vcproj", "{EB48F3FB-9428-4D58-A218-A194B5B3EEE7}"
	ProjectSection(ProjectDependencies) = postProject
	EndProjectSection
EndProject
Project("{8BC9CEB8-8B4A-11D0-8D11-00A0C91BC942}") = "SurfaceG", "SurfaceG.vcproj", "{07A53A5A-9B9C-48E2-80CD-D99C393793E3}"
	ProjectSection(ProjectDependencies) = postProject
	EndProjectSection
EndProject
Project("{8BC9CEB8-8B4A-11D0-8D11-00A0C91BC942}") = "SurfaceI", "SurfaceI.vcproj", "{BFB5B099-7CE8-49BE-BE9C-813B143674FF}"
	ProjectSection(ProjectDependencies) = postProject
	EndProjectSection
EndProject
Project("{8BC9CEB8-8B4A-11D0-8D11-00A0C91BC942}") = "SurfaceS", "SurfaceS.vcproj", "{7124FE27-99AC-4798-835A-043B590E449B}"
	ProjectSection(ProjectDependencies) = postProject
	EndProjectSection
EndProject
Project("{8BC9CEB8-8B4A-11D0-8D11-00A0C91BC942}") = "SurfaceV", "SurfaceV.vcproj", "{B6946283-8DFD-4C90-A76E-E820EBB7E15E}"
	ProjectSection(ProjectDependencies) = postProject
	EndProjectSection
EndProject
Project("{8BC9CEB8-8B4A-11D0-8D11-00A0C91BC942}") = "Tensor", "Tensor.vcproj", "{B517940B-982C-4DC2-9A0B-C7379B5BD098}"
	ProjectSection(ProjectDependencies) = postProject
		{7D142F34-6119-4A76-8BEE-C45F1C6B69F5} = {7D142F34-6119-4A76-8BEE-C45F1C6B69F5}
		{DD02D467-D0B9-427D-A65C-731FD409D033} = {DD02D467-D0B9-427D-A65C-731FD409D033}
		{7A5A439F-D6BD-42FD-A90F-A6C5B41D9492} = {7A5A439F-D6BD-42FD-A90F-A6C5B41D9492}
		{8500B2CD-B201-4879-BF26-18C6905C0B25} = {8500B2CD-B201-4879-BF26-18C6905C0B25}
		{23BB17EF-4C00-435A-A3A0-181F5B0379F8} = {23BB17EF-4C00-435A-A3A0-181F5B0379F8}
	EndProjectSection
EndProject
Project("{8BC9CEB8-8B4A-11D0-8D11-00A0C91BC942}") = "TensorE", "TensorE.vcproj", "{7A5A439F-D6BD-42FD-A90F-A6C5B41D9492}"
	ProjectSection(ProjectDependencies) = postProject
	EndProjectSection
EndProject
Project("{8BC9CEB8-8B4A-11D0-8D11-00A0C91BC942}") = "TensorG", "TensorG.vcproj", "{8500B2CD-B201-4879-BF26-18C6905C0B25}"
	ProjectSection(ProjectDependencies) = postProject
	EndProjectSection
EndProject
Project("{8BC9CEB8-8B4A-11D0-8D11-00A0C91BC942}") = "TensorI", "TensorI.vcproj", "{7D142F34-6119-4A76-8BEE-C45F1C6B69F5}"
	ProjectSection(ProjectDependencies) = postProject
	EndProjectSection
EndProject
Project("{8BC9CEB8-8B4A-11D0-8D11-00A0C91BC942}") = "TensorS", "TensorS.vcproj", "{23BB17EF-4C00-435A-A3A0-181F5B0379F8}"
	ProjectSection(ProjectDependencies) = postProject
	EndProjectSection
EndProject
Project("{8BC9CEB8-8B4A-11D0-8D11-00A0C91BC942}") = "TensorV", "TensorV.vcproj", "{DD02D467-D0B9-427D-A65C-731FD409D033}"
	ProjectSection(ProjectDependencies) = postProject
	EndProjectSection
EndProject
Project("{8BC9CEB8-8B4A-11D0-8D11-00A0C91BC942}") = "Vector", "Vector.vcproj", "{B9C9735F-CE28-4D3C-8956-8F8BA1CF830A}"
	ProjectSection(ProjectDependencies) = postProject
		{7E2EDC29-ED54-449D-83EA-9539B48C26E6} = {7E2EDC29-ED54-449D-83EA-9539B48C26E6}
		{0BB2757C-61B5-4904-A17C-9FDA0C31EDEA} = {0BB2757C-61B5-4904-A17C-9FDA0C31EDEA}
		{F14057BC-803A-4B41-9368-92588C54BAE5} = {F14057BC-803A-4B41-9368-92588C54BAE5}
		{A22C81CC-FE1F-49F3-99EC-03CB696EFC82} = {A22C81CC-FE1F-49F3-99EC-03CB696EFC82}
		{30F30AD8-5E06-47CF-AD83-094ABFC82676} = {30F30AD8-5E06-47CF-AD83-094ABFC82676}
	EndProjectSection
EndProject
Project("{8BC9CEB8-8B4A-11D0-8D11-00A0C91BC942}") = "VectorE", "VectorE.vcproj", "{30F30AD8-5E06-47CF-AD83-094ABFC82676}"
	ProjectSection(ProjectDependencies) = postProject
	EndProjectSection
EndProject
Project("{8BC9CEB8-8B4A-11D0-8D11-00A0C91BC942}") = "VectorG", "VectorG.vcproj", "{F14057BC-803A-4B41-9368-92588C54BAE5}"
	ProjectSection(ProjectDependencies) = postProject
	EndProjectSection
EndProject
Project("{8BC9CEB8-8B4A-11D0-8D11-00A0C91BC942}") = "VectorI", "VectorI.vcproj", "{0BB2757C-61B5-4904-A17C-9FDA0C31EDEA}"
	ProjectSection(ProjectDependencies) = postProject
	EndProjectSection
EndProject
Project("{8BC9CEB8-8B4A-11D0-8D11-00A0C91BC942}") = "VectorS", "VectorS.vcproj", "{7E2EDC29-ED54-449D-83EA-9539B48C26E6}"
	ProjectSection(ProjectDependencies) = postProject
	EndProjectSection
EndProject
Project("{8BC9CEB8-8B4A-11D0-8D11-00A0C91BC942}") = "VectorV", "VectorV.vcproj", "{A22C81CC-FE1F-49F3-99EC-03CB696EFC82}"
	ProjectSection(ProjectDependencies) = postProject
	EndProjectSection
EndProject
Project("{8BC9CEB8-8B4A-11D0-8D11-00A0C91BC942}") = "Volume", "Volume.vcproj", "{3CFC2359-9BB5-43CD-B2BA-030D766F171F}"
	ProjectSection(ProjectDependencies) = postProject
		{45E97D24-AAB9-4861-991E-0786DD29EFAB} = {45E97D24-AAB9-4861-991E-0786DD29EFAB}
		{43378F2D-119B-4B5D-B032-1AFBFFDE56BE} = {43378F2D-119B-4B5D-B032-1AFBFFDE56BE}
		{F4A3B533-E51C-43DF-8359-AAA969B6C3FA} = {F4A3B533-E51C-43DF-8359-AAA969B6C3FA}
		{8AD2D0AB-9935-40BD-A9D9-98112B79D1F6} = {8AD2D0AB-9935-40BD-A9D9-98112B79D1F6}
		{175078CB-AB43-4F21-8B5D-79C4688DA7D6} = {175078CB-AB43-4F21-8B5D-79C4688DA7D6}
	EndProjectSection
EndProject
Project("{8BC9CEB8-8B4A-11D0-8D11-00A0C91BC942}") = "VolumeE", "VolumeE.vcproj", "{45E97D24-AAB9-4861-991E-0786DD29EFAB}"
	ProjectSection(ProjectDependencies) = postProject
	EndProjectSection
EndProject
Project("{8BC9CEB8-8B4A-11D0-8D11-00A0C91BC942}") = "VolumeG", "VolumeG.vcproj", "{F4A3B533-E51C-43DF-8359-AAA969B6C3FA}"
	ProjectSection(ProjectDependencies) = postProject
	EndProjectSection
EndProject
Project("{8BC9CEB8-8B4A-11D0-8D11-00A0C91BC942}") = "VolumeI", "VolumeI.vcproj", "{8AD2D0AB-9935-40BD-A9D9-98112B79D1F6}"
	ProjectSection(ProjectDependencies) = postProject
	EndProjectSection
EndProject
Project("{8BC9CEB8-8B4A-11D0-8D11-00A0C91BC942}") = "VolumeS", "VolumeS.vcproj", "{43378F2D-119B-4B5D-B032-1AFBFFDE56BE}"
	ProjectSection(ProjectDependencies) = postProject
	EndProjectSection
EndProject
Project("{8BC9CEB8-8B4A-11D0-8D11-00A0C91BC942}") = "VolumeV", "VolumeV.vcproj", "{175078CB-AB43-4F21-8B5D-79C4688DA7D6}"
	ProjectSection(ProjectDependencies) = postProject
	EndProjectSection
EndProject
Project("{8BC9CEB8-8B4A-11D0-8D11-00A0C91BC942}") = "Truecolor", "Truecolor.vcproj", "{471F64AA-1C04-47E5-A22D-0BB4DFA0ED39}"
	ProjectSection(ProjectDependencies) = postProject
		{4E818306-B299-4B7D-BC72-0AF5EA07AAC3} = {4E818306-B299-4B7D-BC72-0AF5EA07AAC3}
		{1EDFEC15-01C3-4921-A142-3C96AC839411} = {1EDFEC15-01C3-4921-A142-3C96AC839411}
		{2DB4473B-9D8D-4B9C-8626-2EFECD3208BE} = {2DB4473B-9D8D-4B9C-8626-2EFECD3208BE}
		{61448054-99D0-4BE0-9F4C-848391152E64} = {61448054-99D0-4BE0-9F4C-848391152E64}
		{B931766C-416C-45A6-BB76-B016E3A9CA47} = {B931766C-416C-45A6-BB76-B016E3A9CA47}
	EndProjectSection
EndProject
Project("{8BC9CEB8-8B4A-11D0-8D11-00A0C91BC942}") = "TruecolorE", "TruecolorE.vcproj", "{61448054-99D0-4BE0-9F4C-848391152E64}"
	ProjectSection(ProjectDependencies) = postProject
	EndProjectSection
EndProject
Project("{8BC9CEB8-8B4A-11D0-8D11-00A0C91BC942}") = "TruecolorG", "TruecolorG.vcproj", "{2DB4473B-9D8D-4B9C-8626-2EFECD3208BE}"
	ProjectSection(ProjectDependencies) = postProject
	EndProjectSection
EndProject
Project("{8BC9CEB8-8B4A-11D0-8D11-00A0C91BC942}") = "TruecolorI", "TruecolorI.vcproj", "{4E818306-B299-4B7D-BC72-0AF5EA07AAC3}"
	ProjectSection(ProjectDependencies) = postProject
	EndProjectSection
EndProject
Project("{8BC9CEB8-8B4A-11D0-8D11-00A0C91BC942}") = "TruecolorS", "TruecolorS.vcproj", "{1EDFEC15-01C3-4921-A142-3C96AC839411}"
	ProjectSection(ProjectDependencies) = postProject
	EndProjectSection
EndProject
Project("{8BC9CEB8-8B4A-11D0-8D11-00A0C91BC942}") = "TruecolorV", "TruecolorV.vcproj", "{B931766C-416C-45A6-BB76-B016E3A9CA47}"
	ProjectSection(ProjectDependencies) = postProject
	EndProjectSection
EndProject
Project("{8BC9CEB8-8B4A-11D0-8D11-00A0C91BC942}") = "_TOP_LEVEL", "_TOP_LEVEL.vcproj", "{7F4DC215-A63E-4ABE-9FA0-A0DE3F540965}"
	ProjectSection(ProjectDependencies) = postProject
		{B517940B-982C-4DC2-9A0B-C7379B5BD098} = {B517940B-982C-4DC2-9A0B-C7379B5BD098}
		{7B06A322-05E6-4B66-8567-B16A7F5460A3} = {7B06A322-05E6-4B66-8567-B16A7F5460A3}
		{EF924C44-D298-4D3D-B423-4624AB39E7B3} = {EF924C44-D298-4D3D-B423-4624AB39E7B3}
		{8DAD1355-B110-4578-9FBD-CDF36F524B0C} = {8DAD1355-B110-4578-9FBD-CDF36F524B0C}
		{3CFC2359-9BB5-43CD-B2BA-030D766F171F} = {3CFC2359-9BB5-43CD-B2BA-030D766F171F}
		{B9C9735F-CE28-4D3C-8956-8F8BA1CF830A} = {B9C9735F-CE28-4D3C-8956-8F8BA1CF830A}
		{85CA3982-E2A8-49AD-AFB4-E5BE18805E08} = {85CA3982-E2A8-49AD-AFB4-E5BE18805E08}
		{5ED97585-9B48-4522-A228-AECFFDE6428C} = {5ED97585-9B48-4522-A228-AECFFDE6428C}
		{471F64AA-1C04-47E5-A22D-0BB4DFA0ED39} = {471F64AA-1C04-47E5-A22D-0BB4DFA0ED39}
		{A20ACBBE-AE93-4E88-8042-3BBC8E34C9EA} = {A20ACBBE-AE93-4E88-8042-3BBC8E34C9EA}
		{710DA5C2-0935-40E8-9890-0495A9EE1AFB} = {710DA5C2-0935-40E8-9890-0495A9EE1AFB}
		{6D05BFC7-CC82-4FE3-822B-8EF82E5336CE} = {6D05BFC7-CC82-4FE3-822B-8EF82E5336CE}
		{756D90CC-7AD8-4431-A4C0-114258568E7F} = {756D90CC-7AD8-4431-A4C0-114258568E7F}
		{4F1CA3D3-9DBC-45A3-858B-AD571DB56F04} = {4F1CA3D3-9DBC-45A3-858B-AD571DB56F04}
		{047AEBF1-09ED-4314-8CA1-D599D0BBE158} = {047AEBF1-09ED-4314-8CA1-D599D0BBE158}
		{492CE0FC-6FA2-4C99-BBE6-80EBE9EB16C6} = {492CE0FC-6FA2-4C99-BBE6-80EBE9EB16C6}
	EndProjectSection
EndProject
Project("{8BC9CEB8-8B4A-11D0-8D11-00A0C91BC942}") = "Pseudocolor", "Pseudocolor.vcproj", "{047AEBF1-09ED-4314-8CA1-D599D0BBE158}"
	ProjectSection(ProjectDependencies) = postProject
		{516ACD1F-D022-4894-A8DA-308F0D122BCE} = {516ACD1F-D022-4894-A8DA-308F0D122BCE}
		{ADC64428-13E5-4821-92C1-817E3EA373E4} = {ADC64428-13E5-4821-92C1-817E3EA373E4}
		{CA5E2D3A-5740-4F0D-B0CA-2E5E37D0DD31} = {CA5E2D3A-5740-4F0D-B0CA-2E5E37D0DD31}
		{1A43873F-EDAC-44EF-82BD-347EE21B984D} = {1A43873F-EDAC-44EF-82BD-347EE21B984D}
		{EE5A29DA-07E6-4512-ACD9-37935A6A8FAA} = {EE5A29DA-07E6-4512-ACD9-37935A6A8FAA}
	EndProjectSection
EndProject
Project("{8BC9CEB8-8B4A-11D0-8D11-00A0C91BC942}") = "PseudocolorE", "PseudocolorE.vcproj", "{ADC64428-13E5-4821-92C1-817E3EA373E4}"
	ProjectSection(ProjectDependencies) = postProject
	EndProjectSection
EndProject
Project("{8BC9CEB8-8B4A-11D0-8D11-00A0C91BC942}") = "PseudocolorG", "PseudocolorG.vcproj", "{CA5E2D3A-5740-4F0D-B0CA-2E5E37D0DD31}"
	ProjectSection(ProjectDependencies) = postProject
	EndProjectSection
EndProject
Project("{8BC9CEB8-8B4A-11D0-8D11-00A0C91BC942}") = "PseudocolorI", "PseudocolorI.vcproj", "{1A43873F-EDAC-44EF-82BD-347EE21B984D}"
	ProjectSection(ProjectDependencies) = postProject
	EndProjectSection
EndProject
Project("{8BC9CEB8-8B4A-11D0-8D11-00A0C91BC942}") = "PseudocolorS", "PseudocolorS.vcproj", "{EE5A29DA-07E6-4512-ACD9-37935A6A8FAA}"
	ProjectSection(ProjectDependencies) = postProject
	EndProjectSection
EndProject
Project("{8BC9CEB8-8B4A-11D0-8D11-00A0C91BC942}") = "PseudocolorV", "PseudocolorV.vcproj", "{516ACD1F-D022-4894-A8DA-308F0D122BCE}"
	ProjectSection(ProjectDependencies) = postProject
	EndProjectSection
EndProject
Project("{8BC9CEB8-8B4A-11D0-8D11-00A0C91BC942}") = "Label", "Label.vcproj", "{A20ACBBE-AE93-4E88-8042-3BBC8E34C9EA}"
	ProjectSection(ProjectDependencies) = postProject
		{CCBAC23B-257A-4489-A0CF-DF75A1419141} = {CCBAC23B-257A-4489-A0CF-DF75A1419141}
		{F39BA552-95CA-4681-B672-E7DB77137BB8} = {F39BA552-95CA-4681-B672-E7DB77137BB8}
		{3747C962-C1ED-4AFF-B9E7-EA7F0729E391} = {3747C962-C1ED-4AFF-B9E7-EA7F0729E391}
		{F43BA092-5B7E-418D-A065-A406ECD9028D} = {F43BA092-5B7E-418D-A065-A406ECD9028D}
		{8438BA9E-027C-4DDB-9B78-FD91F7310EA9} = {8438BA9E-027C-4DDB-9B78-FD91F7310EA9}
	EndProjectSection
EndProject
Project("{8BC9CEB8-8B4A-11D0-8D11-00A0C91BC942}") = "LabelE", "LabelE.vcproj", "{8438BA9E-027C-4DDB-9B78-FD91F7310EA9}"
	ProjectSection(ProjectDependencies) = postProject
	EndProjectSection
EndProject
Project("{8BC9CEB8-8B4A-11D0-8D11-00A0C91BC942}") = "LabelG", "LabelG.vcproj", "{3747C962-C1ED-4AFF-B9E7-EA7F0729E391}"
	ProjectSection(ProjectDependencies) = postProject
	EndProjectSection
EndProject
Project("{8BC9CEB8-8B4A-11D0-8D11-00A0C91BC942}") = "LabelI", "LabelI.vcproj", "{F43BA092-5B7E-418D-A065-A406ECD9028D}"
	ProjectSection(ProjectDependencies) = postProject
	EndProjectSection
EndProject
Project("{8BC9CEB8-8B4A-11D0-8D11-00A0C91BC942}") = "LabelS", "LabelS.vcproj", "{CCBAC23B-257A-4489-A0CF-DF75A1419141}"
	ProjectSection(ProjectDependencies) = postProject
	EndProjectSection
EndProject
Project("{8BC9CEB8-8B4A-11D0-8D11-00A0C91BC942}") = "LabelV", "LabelV.vcproj", "{F39BA552-95CA-4681-B672-E7DB77137BB8}"
	ProjectSection(ProjectDependencies) = postProject
	EndProjectSection
EndProject
Project("{8BC9CEB8-8B4A-11D0-8D11-00A0C91BC942}") = "Scatter", "Scatter.vcproj", "{8DAD1355-B110-4578-9FBD-CDF36F524B0C}"
	ProjectSection(ProjectDependencies) = postProject
		{ADC4F311-F9FB-4D51-93A2-0D5BF45A9B9B} = {ADC4F311-F9FB-4D51-93A2-0D5BF45A9B9B}
		{FB08F339-BB53-4646-932A-9F2A34CB57BB} = {FB08F339-BB53-4646-932A-9F2A34CB57BB}
		{5C0EB370-E35C-40CA-95E3-25CF4300D125} = {5C0EB370-E35C-40CA-95E3-25CF4300D125}
		{991D6083-2504-4439-A503-624ECA309EE5} = {991D6083-2504-4439-A503-624ECA309EE5}
		{1CC5B1BA-7411-4B22-B46C-6FC9EF3979E4} = {1CC5B1BA-7411-4B22-B46C-6FC9EF3979E4}
	EndProjectSection
EndProject
Project("{8BC9CEB8-8B4A-11D0-8D11-00A0C91BC942}") = "ScatterE", "ScatterE.vcproj", "{ADC4F311-F9FB-4D51-93A2-0D5BF45A9B9B}"
	ProjectSection(ProjectDependencies) = postProject
	EndProjectSection
EndProject
Project("{8BC9CEB8-8B4A-11D0-8D11-00A0C91BC942}") = "ScatterG", "ScatterG.vcproj", "{1CC5B1BA-7411-4B22-B46C-6FC9EF3979E4}"
	ProjectSection(ProjectDependencies) = postProject
	EndProjectSection
EndProject
Project("{8BC9CEB8-8B4A-11D0-8D11-00A0C91BC942}") = "ScatterI", "ScatterI.vcproj", "{991D6083-2504-4439-A503-624ECA309EE5}"
	ProjectSection(ProjectDependencies) = postProject
	EndProjectSection
EndProject
Project("{8BC9CEB8-8B4A-11D0-8D11-00A0C91BC942}") = "ScatterS", "ScatterS.vcproj", "{FB08F339-BB53-4646-932A-9F2A34CB57BB}"
	ProjectSection(ProjectDependencies) = postProject
	EndProjectSection
EndProject
Project("{8BC9CEB8-8B4A-11D0-8D11-00A0C91BC942}") = "ScatterV", "ScatterV.vcproj", "{5C0EB370-E35C-40CA-95E3-25CF4300D125}"
	ProjectSection(ProjectDependencies) = postProject
	EndProjectSection
EndProject
Global
	GlobalSection(SolutionConfiguration) = preSolution
		Debug = Debug
		Release = Release
	EndGlobalSection
	GlobalSection(ProjectConfiguration) = postSolution
		{6D05BFC7-CC82-4FE3-822B-8EF82E5336CE}.Debug.ActiveCfg = Debug|Win32
		{6D05BFC7-CC82-4FE3-822B-8EF82E5336CE}.Debug.Build.0 = Debug|Win32
		{6D05BFC7-CC82-4FE3-822B-8EF82E5336CE}.Release.ActiveCfg = Release|Win32
		{6D05BFC7-CC82-4FE3-822B-8EF82E5336CE}.Release.Build.0 = Release|Win32
		{80D40DAC-1FB5-48D5-A88D-42EDA2FD5E77}.Debug.ActiveCfg = Debug|Win32
		{80D40DAC-1FB5-48D5-A88D-42EDA2FD5E77}.Debug.Build.0 = Debug|Win32
		{80D40DAC-1FB5-48D5-A88D-42EDA2FD5E77}.Release.ActiveCfg = Release|Win32
		{80D40DAC-1FB5-48D5-A88D-42EDA2FD5E77}.Release.Build.0 = Release|Win32
		{0E2F41D0-584D-48E2-9150-E09D84644D26}.Debug.ActiveCfg = Debug|Win32
		{0E2F41D0-584D-48E2-9150-E09D84644D26}.Debug.Build.0 = Debug|Win32
		{0E2F41D0-584D-48E2-9150-E09D84644D26}.Release.ActiveCfg = Release|Win32
		{0E2F41D0-584D-48E2-9150-E09D84644D26}.Release.Build.0 = Release|Win32
		{CC949CA0-B352-4AFE-8C09-F2BB3BF04979}.Debug.ActiveCfg = Debug|Win32
		{CC949CA0-B352-4AFE-8C09-F2BB3BF04979}.Debug.Build.0 = Debug|Win32
		{CC949CA0-B352-4AFE-8C09-F2BB3BF04979}.Release.ActiveCfg = Release|Win32
		{CC949CA0-B352-4AFE-8C09-F2BB3BF04979}.Release.Build.0 = Release|Win32
		{C25080D6-AF86-4A1D-84FD-8188B0DEB9F1}.Debug.ActiveCfg = Debug|Win32
		{C25080D6-AF86-4A1D-84FD-8188B0DEB9F1}.Debug.Build.0 = Debug|Win32
		{C25080D6-AF86-4A1D-84FD-8188B0DEB9F1}.Release.ActiveCfg = Release|Win32
		{C25080D6-AF86-4A1D-84FD-8188B0DEB9F1}.Release.Build.0 = Release|Win32
		{D899485F-2ED2-43BF-A350-F7ECDCD91B0D}.Debug.ActiveCfg = Debug|Win32
		{D899485F-2ED2-43BF-A350-F7ECDCD91B0D}.Debug.Build.0 = Debug|Win32
		{D899485F-2ED2-43BF-A350-F7ECDCD91B0D}.Release.ActiveCfg = Release|Win32
		{D899485F-2ED2-43BF-A350-F7ECDCD91B0D}.Release.Build.0 = Release|Win32
		{4F1CA3D3-9DBC-45A3-858B-AD571DB56F04}.Debug.ActiveCfg = Debug|Win32
		{4F1CA3D3-9DBC-45A3-858B-AD571DB56F04}.Debug.Build.0 = Debug|Win32
		{4F1CA3D3-9DBC-45A3-858B-AD571DB56F04}.Release.ActiveCfg = Release|Win32
		{4F1CA3D3-9DBC-45A3-858B-AD571DB56F04}.Release.Build.0 = Release|Win32
		{DFA313F1-C6B5-4678-8F82-E98B0893A239}.Debug.ActiveCfg = Debug|Win32
		{DFA313F1-C6B5-4678-8F82-E98B0893A239}.Debug.Build.0 = Debug|Win32
		{DFA313F1-C6B5-4678-8F82-E98B0893A239}.Release.ActiveCfg = Release|Win32
		{DFA313F1-C6B5-4678-8F82-E98B0893A239}.Release.Build.0 = Release|Win32
		{F5FAAE93-8C65-4680-AF83-7FAF810BB358}.Debug.ActiveCfg = Debug|Win32
		{F5FAAE93-8C65-4680-AF83-7FAF810BB358}.Debug.Build.0 = Debug|Win32
		{F5FAAE93-8C65-4680-AF83-7FAF810BB358}.Release.ActiveCfg = Release|Win32
		{F5FAAE93-8C65-4680-AF83-7FAF810BB358}.Release.Build.0 = Release|Win32
		{9084FDF9-2D67-4619-99A5-2D00D2B7426D}.Debug.ActiveCfg = Debug|Win32
		{9084FDF9-2D67-4619-99A5-2D00D2B7426D}.Debug.Build.0 = Debug|Win32
		{9084FDF9-2D67-4619-99A5-2D00D2B7426D}.Release.ActiveCfg = Release|Win32
		{9084FDF9-2D67-4619-99A5-2D00D2B7426D}.Release.Build.0 = Release|Win32
		{87AFE3DA-A460-4747-846E-68B24FAAA2FB}.Debug.ActiveCfg = Debug|Win32
		{87AFE3DA-A460-4747-846E-68B24FAAA2FB}.Debug.Build.0 = Debug|Win32
		{87AFE3DA-A460-4747-846E-68B24FAAA2FB}.Release.ActiveCfg = Release|Win32
		{87AFE3DA-A460-4747-846E-68B24FAAA2FB}.Release.Build.0 = Release|Win32
		{C5DDD98E-3961-4F01-9589-B64FA0A43C17}.Debug.ActiveCfg = Debug|Win32
		{C5DDD98E-3961-4F01-9589-B64FA0A43C17}.Debug.Build.0 = Debug|Win32
		{C5DDD98E-3961-4F01-9589-B64FA0A43C17}.Release.ActiveCfg = Release|Win32
		{C5DDD98E-3961-4F01-9589-B64FA0A43C17}.Release.Build.0 = Release|Win32
		{7B06A322-05E6-4B66-8567-B16A7F5460A3}.Debug.ActiveCfg = Debug|Win32
		{7B06A322-05E6-4B66-8567-B16A7F5460A3}.Debug.Build.0 = Debug|Win32
		{7B06A322-05E6-4B66-8567-B16A7F5460A3}.Release.ActiveCfg = Release|Win32
		{7B06A322-05E6-4B66-8567-B16A7F5460A3}.Release.Build.0 = Release|Win32
		{811455F2-8C9E-4D3A-A53A-535D25CE7E7F}.Debug.ActiveCfg = Debug|Win32
		{811455F2-8C9E-4D3A-A53A-535D25CE7E7F}.Debug.Build.0 = Debug|Win32
		{811455F2-8C9E-4D3A-A53A-535D25CE7E7F}.Release.ActiveCfg = Release|Win32
		{811455F2-8C9E-4D3A-A53A-535D25CE7E7F}.Release.Build.0 = Release|Win32
		{8260B6BF-9FD0-45A8-8A74-2E8D5A319C3D}.Debug.ActiveCfg = Debug|Win32
		{8260B6BF-9FD0-45A8-8A74-2E8D5A319C3D}.Debug.Build.0 = Debug|Win32
		{8260B6BF-9FD0-45A8-8A74-2E8D5A319C3D}.Release.ActiveCfg = Release|Win32
		{8260B6BF-9FD0-45A8-8A74-2E8D5A319C3D}.Release.Build.0 = Release|Win32
		{BFA94804-56CA-451B-AC26-DC207C6C895B}.Debug.ActiveCfg = Debug|Win32
		{BFA94804-56CA-451B-AC26-DC207C6C895B}.Debug.Build.0 = Debug|Win32
		{BFA94804-56CA-451B-AC26-DC207C6C895B}.Release.ActiveCfg = Release|Win32
		{BFA94804-56CA-451B-AC26-DC207C6C895B}.Release.Build.0 = Release|Win32
		{12B7C8D0-B705-4B5C-A522-72504A1610F6}.Debug.ActiveCfg = Debug|Win32
		{12B7C8D0-B705-4B5C-A522-72504A1610F6}.Debug.Build.0 = Debug|Win32
		{12B7C8D0-B705-4B5C-A522-72504A1610F6}.Release.ActiveCfg = Release|Win32
		{12B7C8D0-B705-4B5C-A522-72504A1610F6}.Release.Build.0 = Release|Win32
		{40A3888C-D16B-4D34-A832-9B72E2784A69}.Debug.ActiveCfg = Debug|Win32
		{40A3888C-D16B-4D34-A832-9B72E2784A69}.Debug.Build.0 = Debug|Win32
		{40A3888C-D16B-4D34-A832-9B72E2784A69}.Release.ActiveCfg = Release|Win32
		{40A3888C-D16B-4D34-A832-9B72E2784A69}.Release.Build.0 = Release|Win32
		{5ED97585-9B48-4522-A228-AECFFDE6428C}.Debug.ActiveCfg = Debug|Win32
		{5ED97585-9B48-4522-A228-AECFFDE6428C}.Debug.Build.0 = Debug|Win32
		{5ED97585-9B48-4522-A228-AECFFDE6428C}.Release.ActiveCfg = Release|Win32
		{5ED97585-9B48-4522-A228-AECFFDE6428C}.Release.Build.0 = Release|Win32
		{80E82420-6261-4165-A954-D93C23DFDC44}.Debug.ActiveCfg = Debug|Win32
		{80E82420-6261-4165-A954-D93C23DFDC44}.Debug.Build.0 = Debug|Win32
		{80E82420-6261-4165-A954-D93C23DFDC44}.Release.ActiveCfg = Release|Win32
		{80E82420-6261-4165-A954-D93C23DFDC44}.Release.Build.0 = Release|Win32
		{462B0B9C-85D8-43CA-AFCA-AFA6C7F21D64}.Debug.ActiveCfg = Debug|Win32
		{462B0B9C-85D8-43CA-AFCA-AFA6C7F21D64}.Debug.Build.0 = Debug|Win32
		{462B0B9C-85D8-43CA-AFCA-AFA6C7F21D64}.Release.ActiveCfg = Release|Win32
		{462B0B9C-85D8-43CA-AFCA-AFA6C7F21D64}.Release.Build.0 = Release|Win32
		{B777D521-0550-40D9-B92E-0D7FA7DF3677}.Debug.ActiveCfg = Debug|Win32
		{B777D521-0550-40D9-B92E-0D7FA7DF3677}.Debug.Build.0 = Debug|Win32
		{B777D521-0550-40D9-B92E-0D7FA7DF3677}.Release.ActiveCfg = Release|Win32
		{B777D521-0550-40D9-B92E-0D7FA7DF3677}.Release.Build.0 = Release|Win32
		{9A961FB6-DE71-418C-8367-E48B03006C4F}.Debug.ActiveCfg = Debug|Win32
		{9A961FB6-DE71-418C-8367-E48B03006C4F}.Debug.Build.0 = Debug|Win32
		{9A961FB6-DE71-418C-8367-E48B03006C4F}.Release.ActiveCfg = Release|Win32
		{9A961FB6-DE71-418C-8367-E48B03006C4F}.Release.Build.0 = Release|Win32
		{B454889D-3DE4-494E-AB71-F9597CD62D96}.Debug.ActiveCfg = Debug|Win32
		{B454889D-3DE4-494E-AB71-F9597CD62D96}.Debug.Build.0 = Debug|Win32
		{B454889D-3DE4-494E-AB71-F9597CD62D96}.Release.ActiveCfg = Release|Win32
		{B454889D-3DE4-494E-AB71-F9597CD62D96}.Release.Build.0 = Release|Win32
		{756D90CC-7AD8-4431-A4C0-114258568E7F}.Debug.ActiveCfg = Debug|Win32
		{756D90CC-7AD8-4431-A4C0-114258568E7F}.Debug.Build.0 = Debug|Win32
		{756D90CC-7AD8-4431-A4C0-114258568E7F}.Release.ActiveCfg = Release|Win32
		{756D90CC-7AD8-4431-A4C0-114258568E7F}.Release.Build.0 = Release|Win32
		{F525DBE9-5D91-46FF-A51F-834525A0A8D9}.Debug.ActiveCfg = Debug|Win32
		{F525DBE9-5D91-46FF-A51F-834525A0A8D9}.Debug.Build.0 = Debug|Win32
		{F525DBE9-5D91-46FF-A51F-834525A0A8D9}.Release.ActiveCfg = Release|Win32
		{F525DBE9-5D91-46FF-A51F-834525A0A8D9}.Release.Build.0 = Release|Win32
		{417C62ED-5126-4373-8CD5-C9E5ED82F408}.Debug.ActiveCfg = Debug|Win32
		{417C62ED-5126-4373-8CD5-C9E5ED82F408}.Debug.Build.0 = Debug|Win32
		{417C62ED-5126-4373-8CD5-C9E5ED82F408}.Release.ActiveCfg = Release|Win32
		{417C62ED-5126-4373-8CD5-C9E5ED82F408}.Release.Build.0 = Release|Win32
		{74145A93-261B-4B32-9829-BBA41A28C5C8}.Debug.ActiveCfg = Debug|Win32
		{74145A93-261B-4B32-9829-BBA41A28C5C8}.Debug.Build.0 = Debug|Win32
		{74145A93-261B-4B32-9829-BBA41A28C5C8}.Release.ActiveCfg = Release|Win32
		{74145A93-261B-4B32-9829-BBA41A28C5C8}.Release.Build.0 = Release|Win32
		{F2465AFE-0B7B-495D-84A9-51B52E5D036F}.Debug.ActiveCfg = Debug|Win32
		{F2465AFE-0B7B-495D-84A9-51B52E5D036F}.Debug.Build.0 = Debug|Win32
		{F2465AFE-0B7B-495D-84A9-51B52E5D036F}.Release.ActiveCfg = Release|Win32
		{F2465AFE-0B7B-495D-84A9-51B52E5D036F}.Release.Build.0 = Release|Win32
		{E0B6EEEE-FAF8-45F5-A3E6-C15B15ABDDEA}.Debug.ActiveCfg = Debug|Win32
		{E0B6EEEE-FAF8-45F5-A3E6-C15B15ABDDEA}.Debug.Build.0 = Debug|Win32
		{E0B6EEEE-FAF8-45F5-A3E6-C15B15ABDDEA}.Release.ActiveCfg = Release|Win32
		{E0B6EEEE-FAF8-45F5-A3E6-C15B15ABDDEA}.Release.Build.0 = Release|Win32
		{492CE0FC-6FA2-4C99-BBE6-80EBE9EB16C6}.Debug.ActiveCfg = Debug|Win32
		{492CE0FC-6FA2-4C99-BBE6-80EBE9EB16C6}.Debug.Build.0 = Debug|Win32
		{492CE0FC-6FA2-4C99-BBE6-80EBE9EB16C6}.Release.ActiveCfg = Release|Win32
		{492CE0FC-6FA2-4C99-BBE6-80EBE9EB16C6}.Release.Build.0 = Release|Win32
		{CC736595-C404-4E06-999E-C57AA8B86FDF}.Debug.ActiveCfg = Debug|Win32
		{CC736595-C404-4E06-999E-C57AA8B86FDF}.Debug.Build.0 = Debug|Win32
		{CC736595-C404-4E06-999E-C57AA8B86FDF}.Release.ActiveCfg = Release|Win32
		{CC736595-C404-4E06-999E-C57AA8B86FDF}.Release.Build.0 = Release|Win32
		{CD1C6D27-909E-41BA-BBAA-6D56D9D95796}.Debug.ActiveCfg = Debug|Win32
		{CD1C6D27-909E-41BA-BBAA-6D56D9D95796}.Debug.Build.0 = Debug|Win32
		{CD1C6D27-909E-41BA-BBAA-6D56D9D95796}.Release.ActiveCfg = Release|Win32
		{CD1C6D27-909E-41BA-BBAA-6D56D9D95796}.Release.Build.0 = Release|Win32
		{18D4CDE4-4AB9-446F-91D9-05BC041D3F6F}.Debug.ActiveCfg = Debug|Win32
		{18D4CDE4-4AB9-446F-91D9-05BC041D3F6F}.Debug.Build.0 = Debug|Win32
		{18D4CDE4-4AB9-446F-91D9-05BC041D3F6F}.Release.ActiveCfg = Release|Win32
		{18D4CDE4-4AB9-446F-91D9-05BC041D3F6F}.Release.Build.0 = Release|Win32
		{FF4D19E3-61DC-40D9-8624-8D77A2A7C183}.Debug.ActiveCfg = Debug|Win32
		{FF4D19E3-61DC-40D9-8624-8D77A2A7C183}.Debug.Build.0 = Debug|Win32
		{FF4D19E3-61DC-40D9-8624-8D77A2A7C183}.Release.ActiveCfg = Release|Win32
		{FF4D19E3-61DC-40D9-8624-8D77A2A7C183}.Release.Build.0 = Release|Win32
		{D8CD064E-7B13-40A9-9B7B-71A7B5F0E203}.Debug.ActiveCfg = Debug|Win32
		{D8CD064E-7B13-40A9-9B7B-71A7B5F0E203}.Debug.Build.0 = Debug|Win32
		{D8CD064E-7B13-40A9-9B7B-71A7B5F0E203}.Release.ActiveCfg = Release|Win32
		{D8CD064E-7B13-40A9-9B7B-71A7B5F0E203}.Release.Build.0 = Release|Win32
		{EF924C44-D298-4D3D-B423-4624AB39E7B3}.Debug.ActiveCfg = Debug|Win32
		{EF924C44-D298-4D3D-B423-4624AB39E7B3}.Debug.Build.0 = Debug|Win32
		{EF924C44-D298-4D3D-B423-4624AB39E7B3}.Release.ActiveCfg = Release|Win32
		{EF924C44-D298-4D3D-B423-4624AB39E7B3}.Release.Build.0 = Release|Win32
		{255A8622-9CF4-49D5-B1D6-897EF8F64A4D}.Debug.ActiveCfg = Debug|Win32
		{255A8622-9CF4-49D5-B1D6-897EF8F64A4D}.Debug.Build.0 = Debug|Win32
		{255A8622-9CF4-49D5-B1D6-897EF8F64A4D}.Release.ActiveCfg = Release|Win32
		{255A8622-9CF4-49D5-B1D6-897EF8F64A4D}.Release.Build.0 = Release|Win32
		{EA0AF74C-5D8A-439B-8822-86398FC843B2}.Debug.ActiveCfg = Debug|Win32
		{EA0AF74C-5D8A-439B-8822-86398FC843B2}.Debug.Build.0 = Debug|Win32
		{EA0AF74C-5D8A-439B-8822-86398FC843B2}.Release.ActiveCfg = Release|Win32
		{EA0AF74C-5D8A-439B-8822-86398FC843B2}.Release.Build.0 = Release|Win32
		{AB3D9BCB-C2F6-4B2F-885C-ABEB33E003E1}.Debug.ActiveCfg = Debug|Win32
		{AB3D9BCB-C2F6-4B2F-885C-ABEB33E003E1}.Debug.Build.0 = Debug|Win32
		{AB3D9BCB-C2F6-4B2F-885C-ABEB33E003E1}.Release.ActiveCfg = Release|Win32
		{AB3D9BCB-C2F6-4B2F-885C-ABEB33E003E1}.Release.Build.0 = Release|Win32
		{0D6706CA-CA31-4B0D-82B2-27C568003655}.Debug.ActiveCfg = Debug|Win32
		{0D6706CA-CA31-4B0D-82B2-27C568003655}.Debug.Build.0 = Debug|Win32
		{0D6706CA-CA31-4B0D-82B2-27C568003655}.Release.ActiveCfg = Release|Win32
		{0D6706CA-CA31-4B0D-82B2-27C568003655}.Release.Build.0 = Release|Win32
		{739F107F-BEC5-4BD5-9FA6-BEA7FB8F034A}.Debug.ActiveCfg = Debug|Win32
		{739F107F-BEC5-4BD5-9FA6-BEA7FB8F034A}.Debug.Build.0 = Debug|Win32
		{739F107F-BEC5-4BD5-9FA6-BEA7FB8F034A}.Release.ActiveCfg = Release|Win32
		{739F107F-BEC5-4BD5-9FA6-BEA7FB8F034A}.Release.Build.0 = Release|Win32
		{710DA5C2-0935-40E8-9890-0495A9EE1AFB}.Debug.ActiveCfg = Debug|Win32
		{710DA5C2-0935-40E8-9890-0495A9EE1AFB}.Debug.Build.0 = Debug|Win32
		{710DA5C2-0935-40E8-9890-0495A9EE1AFB}.Release.ActiveCfg = Release|Win32
		{710DA5C2-0935-40E8-9890-0495A9EE1AFB}.Release.Build.0 = Release|Win32
		{7F43296F-7CAF-47D0-8AD7-8FC83D7929AB}.Debug.ActiveCfg = Debug|Win32
		{7F43296F-7CAF-47D0-8AD7-8FC83D7929AB}.Debug.Build.0 = Debug|Win32
		{7F43296F-7CAF-47D0-8AD7-8FC83D7929AB}.Release.ActiveCfg = Release|Win32
		{7F43296F-7CAF-47D0-8AD7-8FC83D7929AB}.Release.Build.0 = Release|Win32
		{DE6B06D7-3DA5-43CF-BDCB-2F8A140927FB}.Debug.ActiveCfg = Debug|Win32
		{DE6B06D7-3DA5-43CF-BDCB-2F8A140927FB}.Debug.Build.0 = Debug|Win32
		{DE6B06D7-3DA5-43CF-BDCB-2F8A140927FB}.Release.ActiveCfg = Release|Win32
		{DE6B06D7-3DA5-43CF-BDCB-2F8A140927FB}.Release.Build.0 = Release|Win32
		{32A63BE3-C799-4BAE-9D0A-603DEF79CFF4}.Debug.ActiveCfg = Debug|Win32
		{32A63BE3-C799-4BAE-9D0A-603DEF79CFF4}.Debug.Build.0 = Debug|Win32
		{32A63BE3-C799-4BAE-9D0A-603DEF79CFF4}.Release.ActiveCfg = Release|Win32
		{32A63BE3-C799-4BAE-9D0A-603DEF79CFF4}.Release.Build.0 = Release|Win32
		{AB4C9284-55ED-4124-A432-7B0ED1CF4F91}.Debug.ActiveCfg = Debug|Win32
		{AB4C9284-55ED-4124-A432-7B0ED1CF4F91}.Debug.Build.0 = Debug|Win32
		{AB4C9284-55ED-4124-A432-7B0ED1CF4F91}.Release.ActiveCfg = Release|Win32
		{AB4C9284-55ED-4124-A432-7B0ED1CF4F91}.Release.Build.0 = Release|Win32
		{3C03954C-4191-4A41-841D-FB50E0A5C0B8}.Debug.ActiveCfg = Debug|Win32
		{3C03954C-4191-4A41-841D-FB50E0A5C0B8}.Debug.Build.0 = Debug|Win32
		{3C03954C-4191-4A41-841D-FB50E0A5C0B8}.Release.ActiveCfg = Release|Win32
		{3C03954C-4191-4A41-841D-FB50E0A5C0B8}.Release.Build.0 = Release|Win32
		{85CA3982-E2A8-49AD-AFB4-E5BE18805E08}.Debug.ActiveCfg = Debug|Win32
		{85CA3982-E2A8-49AD-AFB4-E5BE18805E08}.Debug.Build.0 = Debug|Win32
		{85CA3982-E2A8-49AD-AFB4-E5BE18805E08}.Release.ActiveCfg = Release|Win32
		{85CA3982-E2A8-49AD-AFB4-E5BE18805E08}.Release.Build.0 = Release|Win32
		{EB48F3FB-9428-4D58-A218-A194B5B3EEE7}.Debug.ActiveCfg = Debug|Win32
		{EB48F3FB-9428-4D58-A218-A194B5B3EEE7}.Debug.Build.0 = Debug|Win32
		{EB48F3FB-9428-4D58-A218-A194B5B3EEE7}.Release.ActiveCfg = Release|Win32
		{EB48F3FB-9428-4D58-A218-A194B5B3EEE7}.Release.Build.0 = Release|Win32
		{07A53A5A-9B9C-48E2-80CD-D99C393793E3}.Debug.ActiveCfg = Debug|Win32
		{07A53A5A-9B9C-48E2-80CD-D99C393793E3}.Debug.Build.0 = Debug|Win32
		{07A53A5A-9B9C-48E2-80CD-D99C393793E3}.Release.ActiveCfg = Release|Win32
		{07A53A5A-9B9C-48E2-80CD-D99C393793E3}.Release.Build.0 = Release|Win32
		{BFB5B099-7CE8-49BE-BE9C-813B143674FF}.Debug.ActiveCfg = Debug|Win32
		{BFB5B099-7CE8-49BE-BE9C-813B143674FF}.Debug.Build.0 = Debug|Win32
		{BFB5B099-7CE8-49BE-BE9C-813B143674FF}.Release.ActiveCfg = Release|Win32
		{BFB5B099-7CE8-49BE-BE9C-813B143674FF}.Release.Build.0 = Release|Win32
		{7124FE27-99AC-4798-835A-043B590E449B}.Debug.ActiveCfg = Debug|Win32
		{7124FE27-99AC-4798-835A-043B590E449B}.Debug.Build.0 = Debug|Win32
		{7124FE27-99AC-4798-835A-043B590E449B}.Release.ActiveCfg = Release|Win32
		{7124FE27-99AC-4798-835A-043B590E449B}.Release.Build.0 = Release|Win32
		{B6946283-8DFD-4C90-A76E-E820EBB7E15E}.Debug.ActiveCfg = Debug|Win32
		{B6946283-8DFD-4C90-A76E-E820EBB7E15E}.Debug.Build.0 = Debug|Win32
		{B6946283-8DFD-4C90-A76E-E820EBB7E15E}.Release.ActiveCfg = Release|Win32
		{B6946283-8DFD-4C90-A76E-E820EBB7E15E}.Release.Build.0 = Release|Win32
		{B517940B-982C-4DC2-9A0B-C7379B5BD098}.Debug.ActiveCfg = Debug|Win32
		{B517940B-982C-4DC2-9A0B-C7379B5BD098}.Debug.Build.0 = Debug|Win32
		{B517940B-982C-4DC2-9A0B-C7379B5BD098}.Release.ActiveCfg = Release|Win32
		{B517940B-982C-4DC2-9A0B-C7379B5BD098}.Release.Build.0 = Release|Win32
		{7A5A439F-D6BD-42FD-A90F-A6C5B41D9492}.Debug.ActiveCfg = Debug|Win32
		{7A5A439F-D6BD-42FD-A90F-A6C5B41D9492}.Debug.Build.0 = Debug|Win32
		{7A5A439F-D6BD-42FD-A90F-A6C5B41D9492}.Release.ActiveCfg = Release|Win32
		{7A5A439F-D6BD-42FD-A90F-A6C5B41D9492}.Release.Build.0 = Release|Win32
		{8500B2CD-B201-4879-BF26-18C6905C0B25}.Debug.ActiveCfg = Debug|Win32
		{8500B2CD-B201-4879-BF26-18C6905C0B25}.Debug.Build.0 = Debug|Win32
		{8500B2CD-B201-4879-BF26-18C6905C0B25}.Release.ActiveCfg = Release|Win32
		{8500B2CD-B201-4879-BF26-18C6905C0B25}.Release.Build.0 = Release|Win32
		{7D142F34-6119-4A76-8BEE-C45F1C6B69F5}.Debug.ActiveCfg = Debug|Win32
		{7D142F34-6119-4A76-8BEE-C45F1C6B69F5}.Debug.Build.0 = Debug|Win32
		{7D142F34-6119-4A76-8BEE-C45F1C6B69F5}.Release.ActiveCfg = Release|Win32
		{7D142F34-6119-4A76-8BEE-C45F1C6B69F5}.Release.Build.0 = Release|Win32
		{23BB17EF-4C00-435A-A3A0-181F5B0379F8}.Debug.ActiveCfg = Debug|Win32
		{23BB17EF-4C00-435A-A3A0-181F5B0379F8}.Debug.Build.0 = Debug|Win32
		{23BB17EF-4C00-435A-A3A0-181F5B0379F8}.Release.ActiveCfg = Release|Win32
		{23BB17EF-4C00-435A-A3A0-181F5B0379F8}.Release.Build.0 = Release|Win32
		{DD02D467-D0B9-427D-A65C-731FD409D033}.Debug.ActiveCfg = Debug|Win32
		{DD02D467-D0B9-427D-A65C-731FD409D033}.Debug.Build.0 = Debug|Win32
		{DD02D467-D0B9-427D-A65C-731FD409D033}.Release.ActiveCfg = Release|Win32
		{DD02D467-D0B9-427D-A65C-731FD409D033}.Release.Build.0 = Release|Win32
		{B9C9735F-CE28-4D3C-8956-8F8BA1CF830A}.Debug.ActiveCfg = Debug|Win32
		{B9C9735F-CE28-4D3C-8956-8F8BA1CF830A}.Debug.Build.0 = Debug|Win32
		{B9C9735F-CE28-4D3C-8956-8F8BA1CF830A}.Release.ActiveCfg = Release|Win32
		{B9C9735F-CE28-4D3C-8956-8F8BA1CF830A}.Release.Build.0 = Release|Win32
		{30F30AD8-5E06-47CF-AD83-094ABFC82676}.Debug.ActiveCfg = Debug|Win32
		{30F30AD8-5E06-47CF-AD83-094ABFC82676}.Debug.Build.0 = Debug|Win32
		{30F30AD8-5E06-47CF-AD83-094ABFC82676}.Release.ActiveCfg = Release|Win32
		{30F30AD8-5E06-47CF-AD83-094ABFC82676}.Release.Build.0 = Release|Win32
		{F14057BC-803A-4B41-9368-92588C54BAE5}.Debug.ActiveCfg = Debug|Win32
		{F14057BC-803A-4B41-9368-92588C54BAE5}.Debug.Build.0 = Debug|Win32
		{F14057BC-803A-4B41-9368-92588C54BAE5}.Release.ActiveCfg = Release|Win32
		{F14057BC-803A-4B41-9368-92588C54BAE5}.Release.Build.0 = Release|Win32
		{0BB2757C-61B5-4904-A17C-9FDA0C31EDEA}.Debug.ActiveCfg = Debug|Win32
		{0BB2757C-61B5-4904-A17C-9FDA0C31EDEA}.Debug.Build.0 = Debug|Win32
		{0BB2757C-61B5-4904-A17C-9FDA0C31EDEA}.Release.ActiveCfg = Release|Win32
		{0BB2757C-61B5-4904-A17C-9FDA0C31EDEA}.Release.Build.0 = Release|Win32
		{7E2EDC29-ED54-449D-83EA-9539B48C26E6}.Debug.ActiveCfg = Debug|Win32
		{7E2EDC29-ED54-449D-83EA-9539B48C26E6}.Debug.Build.0 = Debug|Win32
		{7E2EDC29-ED54-449D-83EA-9539B48C26E6}.Release.ActiveCfg = Release|Win32
		{7E2EDC29-ED54-449D-83EA-9539B48C26E6}.Release.Build.0 = Release|Win32
		{A22C81CC-FE1F-49F3-99EC-03CB696EFC82}.Debug.ActiveCfg = Debug|Win32
		{A22C81CC-FE1F-49F3-99EC-03CB696EFC82}.Debug.Build.0 = Debug|Win32
		{A22C81CC-FE1F-49F3-99EC-03CB696EFC82}.Release.ActiveCfg = Release|Win32
		{A22C81CC-FE1F-49F3-99EC-03CB696EFC82}.Release.Build.0 = Release|Win32
		{3CFC2359-9BB5-43CD-B2BA-030D766F171F}.Debug.ActiveCfg = Debug|Win32
		{3CFC2359-9BB5-43CD-B2BA-030D766F171F}.Debug.Build.0 = Debug|Win32
		{3CFC2359-9BB5-43CD-B2BA-030D766F171F}.Release.ActiveCfg = Release|Win32
		{3CFC2359-9BB5-43CD-B2BA-030D766F171F}.Release.Build.0 = Release|Win32
		{45E97D24-AAB9-4861-991E-0786DD29EFAB}.Debug.ActiveCfg = Debug|Win32
		{45E97D24-AAB9-4861-991E-0786DD29EFAB}.Debug.Build.0 = Debug|Win32
		{45E97D24-AAB9-4861-991E-0786DD29EFAB}.Release.ActiveCfg = Release|Win32
		{45E97D24-AAB9-4861-991E-0786DD29EFAB}.Release.Build.0 = Release|Win32
		{F4A3B533-E51C-43DF-8359-AAA969B6C3FA}.Debug.ActiveCfg = Debug|Win32
		{F4A3B533-E51C-43DF-8359-AAA969B6C3FA}.Debug.Build.0 = Debug|Win32
		{F4A3B533-E51C-43DF-8359-AAA969B6C3FA}.Release.ActiveCfg = Release|Win32
		{F4A3B533-E51C-43DF-8359-AAA969B6C3FA}.Release.Build.0 = Release|Win32
		{8AD2D0AB-9935-40BD-A9D9-98112B79D1F6}.Debug.ActiveCfg = Debug|Win32
		{8AD2D0AB-9935-40BD-A9D9-98112B79D1F6}.Debug.Build.0 = Debug|Win32
		{8AD2D0AB-9935-40BD-A9D9-98112B79D1F6}.Release.ActiveCfg = Release|Win32
		{8AD2D0AB-9935-40BD-A9D9-98112B79D1F6}.Release.Build.0 = Release|Win32
		{43378F2D-119B-4B5D-B032-1AFBFFDE56BE}.Debug.ActiveCfg = Debug|Win32
		{43378F2D-119B-4B5D-B032-1AFBFFDE56BE}.Debug.Build.0 = Debug|Win32
		{43378F2D-119B-4B5D-B032-1AFBFFDE56BE}.Release.ActiveCfg = Release|Win32
		{43378F2D-119B-4B5D-B032-1AFBFFDE56BE}.Release.Build.0 = Release|Win32
		{175078CB-AB43-4F21-8B5D-79C4688DA7D6}.Debug.ActiveCfg = Debug|Win32
		{175078CB-AB43-4F21-8B5D-79C4688DA7D6}.Debug.Build.0 = Debug|Win32
		{175078CB-AB43-4F21-8B5D-79C4688DA7D6}.Release.ActiveCfg = Release|Win32
		{175078CB-AB43-4F21-8B5D-79C4688DA7D6}.Release.Build.0 = Release|Win32
		{471F64AA-1C04-47E5-A22D-0BB4DFA0ED39}.Debug.ActiveCfg = Debug|Win32
		{471F64AA-1C04-47E5-A22D-0BB4DFA0ED39}.Debug.Build.0 = Debug|Win32
		{471F64AA-1C04-47E5-A22D-0BB4DFA0ED39}.Release.ActiveCfg = Release|Win32
		{471F64AA-1C04-47E5-A22D-0BB4DFA0ED39}.Release.Build.0 = Release|Win32
		{61448054-99D0-4BE0-9F4C-848391152E64}.Debug.ActiveCfg = Debug|Win32
		{61448054-99D0-4BE0-9F4C-848391152E64}.Debug.Build.0 = Debug|Win32
		{61448054-99D0-4BE0-9F4C-848391152E64}.Release.ActiveCfg = Release|Win32
		{61448054-99D0-4BE0-9F4C-848391152E64}.Release.Build.0 = Release|Win32
		{2DB4473B-9D8D-4B9C-8626-2EFECD3208BE}.Debug.ActiveCfg = Debug|Win32
		{2DB4473B-9D8D-4B9C-8626-2EFECD3208BE}.Debug.Build.0 = Debug|Win32
		{2DB4473B-9D8D-4B9C-8626-2EFECD3208BE}.Release.ActiveCfg = Release|Win32
		{2DB4473B-9D8D-4B9C-8626-2EFECD3208BE}.Release.Build.0 = Release|Win32
		{4E818306-B299-4B7D-BC72-0AF5EA07AAC3}.Debug.ActiveCfg = Debug|Win32
		{4E818306-B299-4B7D-BC72-0AF5EA07AAC3}.Debug.Build.0 = Debug|Win32
		{4E818306-B299-4B7D-BC72-0AF5EA07AAC3}.Release.ActiveCfg = Release|Win32
		{4E818306-B299-4B7D-BC72-0AF5EA07AAC3}.Release.Build.0 = Release|Win32
		{1EDFEC15-01C3-4921-A142-3C96AC839411}.Debug.ActiveCfg = Debug|Win32
		{1EDFEC15-01C3-4921-A142-3C96AC839411}.Debug.Build.0 = Debug|Win32
		{1EDFEC15-01C3-4921-A142-3C96AC839411}.Release.ActiveCfg = Release|Win32
		{1EDFEC15-01C3-4921-A142-3C96AC839411}.Release.Build.0 = Release|Win32
		{B931766C-416C-45A6-BB76-B016E3A9CA47}.Debug.ActiveCfg = Debug|Win32
		{B931766C-416C-45A6-BB76-B016E3A9CA47}.Debug.Build.0 = Debug|Win32
		{B931766C-416C-45A6-BB76-B016E3A9CA47}.Release.ActiveCfg = Release|Win32
		{B931766C-416C-45A6-BB76-B016E3A9CA47}.Release.Build.0 = Release|Win32
		{7F4DC215-A63E-4ABE-9FA0-A0DE3F540965}.Debug.ActiveCfg = Debug|Win32
		{7F4DC215-A63E-4ABE-9FA0-A0DE3F540965}.Debug.Build.0 = Debug|Win32
		{7F4DC215-A63E-4ABE-9FA0-A0DE3F540965}.Release.ActiveCfg = Release|Win32
		{7F4DC215-A63E-4ABE-9FA0-A0DE3F540965}.Release.Build.0 = Release|Win32
		{047AEBF1-09ED-4314-8CA1-D599D0BBE158}.Debug.ActiveCfg = Debug|Win32
		{047AEBF1-09ED-4314-8CA1-D599D0BBE158}.Debug.Build.0 = Debug|Win32
		{047AEBF1-09ED-4314-8CA1-D599D0BBE158}.Release.ActiveCfg = Release|Win32
		{047AEBF1-09ED-4314-8CA1-D599D0BBE158}.Release.Build.0 = Release|Win32
		{ADC64428-13E5-4821-92C1-817E3EA373E4}.Debug.ActiveCfg = Debug|Win32
		{ADC64428-13E5-4821-92C1-817E3EA373E4}.Debug.Build.0 = Debug|Win32
		{ADC64428-13E5-4821-92C1-817E3EA373E4}.Release.ActiveCfg = Release|Win32
		{ADC64428-13E5-4821-92C1-817E3EA373E4}.Release.Build.0 = Release|Win32
		{CA5E2D3A-5740-4F0D-B0CA-2E5E37D0DD31}.Debug.ActiveCfg = Debug|Win32
		{CA5E2D3A-5740-4F0D-B0CA-2E5E37D0DD31}.Debug.Build.0 = Debug|Win32
		{CA5E2D3A-5740-4F0D-B0CA-2E5E37D0DD31}.Release.ActiveCfg = Release|Win32
		{CA5E2D3A-5740-4F0D-B0CA-2E5E37D0DD31}.Release.Build.0 = Release|Win32
		{1A43873F-EDAC-44EF-82BD-347EE21B984D}.Debug.ActiveCfg = Debug|Win32
		{1A43873F-EDAC-44EF-82BD-347EE21B984D}.Debug.Build.0 = Debug|Win32
		{1A43873F-EDAC-44EF-82BD-347EE21B984D}.Release.ActiveCfg = Release|Win32
		{1A43873F-EDAC-44EF-82BD-347EE21B984D}.Release.Build.0 = Release|Win32
		{EE5A29DA-07E6-4512-ACD9-37935A6A8FAA}.Debug.ActiveCfg = Debug|Win32
		{EE5A29DA-07E6-4512-ACD9-37935A6A8FAA}.Debug.Build.0 = Debug|Win32
		{EE5A29DA-07E6-4512-ACD9-37935A6A8FAA}.Release.ActiveCfg = Release|Win32
		{EE5A29DA-07E6-4512-ACD9-37935A6A8FAA}.Release.Build.0 = Release|Win32
		{516ACD1F-D022-4894-A8DA-308F0D122BCE}.Debug.ActiveCfg = Debug|Win32
		{516ACD1F-D022-4894-A8DA-308F0D122BCE}.Debug.Build.0 = Debug|Win32
		{516ACD1F-D022-4894-A8DA-308F0D122BCE}.Release.ActiveCfg = Release|Win32
		{516ACD1F-D022-4894-A8DA-308F0D122BCE}.Release.Build.0 = Release|Win32
		{A20ACBBE-AE93-4E88-8042-3BBC8E34C9EA}.Debug.ActiveCfg = Debug|Win32
		{A20ACBBE-AE93-4E88-8042-3BBC8E34C9EA}.Debug.Build.0 = Debug|Win32
		{A20ACBBE-AE93-4E88-8042-3BBC8E34C9EA}.Release.ActiveCfg = Release|Win32
		{A20ACBBE-AE93-4E88-8042-3BBC8E34C9EA}.Release.Build.0 = Release|Win32
		{8438BA9E-027C-4DDB-9B78-FD91F7310EA9}.Debug.ActiveCfg = Debug|Win32
		{8438BA9E-027C-4DDB-9B78-FD91F7310EA9}.Debug.Build.0 = Debug|Win32
		{8438BA9E-027C-4DDB-9B78-FD91F7310EA9}.Release.ActiveCfg = Release|Win32
		{8438BA9E-027C-4DDB-9B78-FD91F7310EA9}.Release.Build.0 = Release|Win32
		{3747C962-C1ED-4AFF-B9E7-EA7F0729E391}.Debug.ActiveCfg = Debug|Win32
		{3747C962-C1ED-4AFF-B9E7-EA7F0729E391}.Debug.Build.0 = Debug|Win32
		{3747C962-C1ED-4AFF-B9E7-EA7F0729E391}.Release.ActiveCfg = Release|Win32
		{3747C962-C1ED-4AFF-B9E7-EA7F0729E391}.Release.Build.0 = Release|Win32
		{F43BA092-5B7E-418D-A065-A406ECD9028D}.Debug.ActiveCfg = Debug|Win32
		{F43BA092-5B7E-418D-A065-A406ECD9028D}.Debug.Build.0 = Debug|Win32
		{F43BA092-5B7E-418D-A065-A406ECD9028D}.Release.ActiveCfg = Release|Win32
		{F43BA092-5B7E-418D-A065-A406ECD9028D}.Release.Build.0 = Release|Win32
		{CCBAC23B-257A-4489-A0CF-DF75A1419141}.Debug.ActiveCfg = Debug|Win32
		{CCBAC23B-257A-4489-A0CF-DF75A1419141}.Debug.Build.0 = Debug|Win32
		{CCBAC23B-257A-4489-A0CF-DF75A1419141}.Release.ActiveCfg = Release|Win32
		{CCBAC23B-257A-4489-A0CF-DF75A1419141}.Release.Build.0 = Release|Win32
		{F39BA552-95CA-4681-B672-E7DB77137BB8}.Debug.ActiveCfg = Debug|Win32
		{F39BA552-95CA-4681-B672-E7DB77137BB8}.Debug.Build.0 = Debug|Win32
		{F39BA552-95CA-4681-B672-E7DB77137BB8}.Release.ActiveCfg = Release|Win32
		{F39BA552-95CA-4681-B672-E7DB77137BB8}.Release.Build.0 = Release|Win32
		{8DAD1355-B110-4578-9FBD-CDF36F524B0C}.Debug.ActiveCfg = Debug|Win32
		{8DAD1355-B110-4578-9FBD-CDF36F524B0C}.Debug.Build.0 = Debug|Win32
		{8DAD1355-B110-4578-9FBD-CDF36F524B0C}.Release.ActiveCfg = Release|Win32
		{8DAD1355-B110-4578-9FBD-CDF36F524B0C}.Release.Build.0 = Release|Win32
		{ADC4F311-F9FB-4D51-93A2-0D5BF45A9B9B}.Debug.ActiveCfg = Debug|Win32
		{ADC4F311-F9FB-4D51-93A2-0D5BF45A9B9B}.Debug.Build.0 = Debug|Win32
		{ADC4F311-F9FB-4D51-93A2-0D5BF45A9B9B}.Release.ActiveCfg = Release|Win32
		{ADC4F311-F9FB-4D51-93A2-0D5BF45A9B9B}.Release.Build.0 = Release|Win32
		{1CC5B1BA-7411-4B22-B46C-6FC9EF3979E4}.Debug.ActiveCfg = Debug|Win32
		{1CC5B1BA-7411-4B22-B46C-6FC9EF3979E4}.Debug.Build.0 = Debug|Win32
		{1CC5B1BA-7411-4B22-B46C-6FC9EF3979E4}.Release.ActiveCfg = Release|Win32
		{1CC5B1BA-7411-4B22-B46C-6FC9EF3979E4}.Release.Build.0 = Release|Win32
		{991D6083-2504-4439-A503-624ECA309EE5}.Debug.ActiveCfg = Debug|Win32
		{991D6083-2504-4439-A503-624ECA309EE5}.Debug.Build.0 = Debug|Win32
		{991D6083-2504-4439-A503-624ECA309EE5}.Release.ActiveCfg = Release|Win32
		{991D6083-2504-4439-A503-624ECA309EE5}.Release.Build.0 = Release|Win32
		{FB08F339-BB53-4646-932A-9F2A34CB57BB}.Debug.ActiveCfg = Debug|Win32
		{FB08F339-BB53-4646-932A-9F2A34CB57BB}.Debug.Build.0 = Debug|Win32
		{FB08F339-BB53-4646-932A-9F2A34CB57BB}.Release.ActiveCfg = Release|Win32
		{FB08F339-BB53-4646-932A-9F2A34CB57BB}.Release.Build.0 = Release|Win32
		{5C0EB370-E35C-40CA-95E3-25CF4300D125}.Debug.ActiveCfg = Debug|Win32
		{5C0EB370-E35C-40CA-95E3-25CF4300D125}.Debug.Build.0 = Debug|Win32
		{5C0EB370-E35C-40CA-95E3-25CF4300D125}.Release.ActiveCfg = Release|Win32
		{5C0EB370-E35C-40CA-95E3-25CF4300D125}.Release.Build.0 = Release|Win32
	EndGlobalSection
	GlobalSection(ExtensibilityGlobals) = postSolution
	EndGlobalSection
	GlobalSection(ExtensibilityAddIns) = postSolution
	EndGlobalSection
EndGlobal
