Microsoft Visual Studio Solution File, Format Version 8.00
Project("{8BC9CEB8-8B4A-11D0-8D11-00A0C91BC942}") = "VisIt", "VisIt.vcproj", "{5A149F44-CD8A-4A7A-9DAA-72289B1DB4F7}"
	ProjectSection(ProjectDependencies) = postProject
	EndProjectSection
EndProject
Project("{8BC9CEB8-8B4A-11D0-8D11-00A0C91BC942}") = "_TOP_LEVEL", "_TOP_LEVEL.vcproj", "{7070DACF-ECF1-47ED-96A1-7EB456E1531C}"
	ProjectSection(ProjectDependencies) = postProject
		{EBA0140A-56FC-47F7-B4BC-CE706A1F7FE9} = {EBA0140A-56FC-47F7-B4BC-CE706A1F7FE9}
		{BE4DA30E-0375-4862-9576-2A814109D01F} = {BE4DA30E-0375-4862-9576-2A814109D01F}
		{5A149F44-CD8A-4A7A-9DAA-72289B1DB4F7} = {5A149F44-CD8A-4A7A-9DAA-72289B1DB4F7}
		{3ECB634E-B9EB-4BA1-93DC-2C19D14DC2BA} = {3ECB634E-B9EB-4BA1-93DC-2C19D14DC2BA}
		{705282AC-841F-462E-9E33-AF7DFE05950A} = {705282AC-841F-462E-9E33-AF7DFE05950A}
		{616ED4B0-EF1C-420F-920F-342CDEAA6FBD} = {616ED4B0-EF1C-420F-920F-342CDEAA6FBD}
		{141234C5-0925-448B-B613-E5B22AA55535} = {141234C5-0925-448B-B613-E5B22AA55535}
	EndProjectSection
EndProject
Project("{8BC9CEB8-8B4A-11D0-8D11-00A0C91BC942}") = "avtexceptions", "avtexceptions.vcproj", "{126C27D6-2DF3-491F-BFC8-8726F5FE382A}"
	ProjectSection(ProjectDependencies) = postProject
		{FDFB261A-7BFF-4AEB-993B-A69F288EE63B} = {FDFB261A-7BFF-4AEB-993B-A69F288EE63B}
	EndProjectSection
EndProject
Project("{8BC9CEB8-8B4A-11D0-8D11-00A0C91BC942}") = "avtfilewriter", "avtfilewriter.vcproj", "{12F0ED77-0792-46E1-82AB-6D1A57E1C35F}"
	ProjectSection(ProjectDependencies) = postProject
		{FDFB261A-7BFF-4AEB-993B-A69F288EE63B} = {FDFB261A-7BFF-4AEB-993B-A69F288EE63B}
		{E66AD432-E6A3-41AB-8737-474B4FB6D6B6} = {E66AD432-E6A3-41AB-8737-474B4FB6D6B6}
		{0F781B96-E0F4-41E0-9826-BE279127E58B} = {0F781B96-E0F4-41E0-9826-BE279127E58B}
		{B30F00CC-B5CD-4DD5-AC67-EF7F205B836A} = {B30F00CC-B5CD-4DD5-AC67-EF7F205B836A}
		{B3A5D1EB-5A74-4AFF-975C-BC4D0208F65E} = {B3A5D1EB-5A74-4AFF-975C-BC4D0208F65E}
		{060FF3F8-1AB3-411A-BD69-E95BFBD3745E} = {060FF3F8-1AB3-411A-BD69-E95BFBD3745E}
	EndProjectSection
EndProject
Project("{8BC9CEB8-8B4A-11D0-8D11-00A0C91BC942}") = "avtfilters", "avtfilters.vcproj", "{734D8B9F-7054-4EC1-9925-E7B984DB3C60}"
	ProjectSection(ProjectDependencies) = postProject
		{0F781B96-E0F4-41E0-9826-BE279127E58B} = {0F781B96-E0F4-41E0-9826-BE279127E58B}
		{98BBA4CC-F24A-4D49-AA1C-64F003E6E1A7} = {98BBA4CC-F24A-4D49-AA1C-64F003E6E1A7}
		{8177ADE0-2DF7-44D5-96E6-CDB56CD9C9EA} = {8177ADE0-2DF7-44D5-96E6-CDB56CD9C9EA}
	EndProjectSection
EndProject
Project("{8BC9CEB8-8B4A-11D0-8D11-00A0C91BC942}") = "avtmath_ser", "avtmath_ser.vcproj", "{8177ADE0-2DF7-44D5-96E6-CDB56CD9C9EA}"
	ProjectSection(ProjectDependencies) = postProject
	EndProjectSection
EndProject
Project("{8BC9CEB8-8B4A-11D0-8D11-00A0C91BC942}") = "avtview", "avtview.vcproj", "{98BBA4CC-F24A-4D49-AA1C-64F003E6E1A7}"
	ProjectSection(ProjectDependencies) = postProject
		{B3A5D1EB-5A74-4AFF-975C-BC4D0208F65E} = {B3A5D1EB-5A74-4AFF-975C-BC4D0208F65E}
	EndProjectSection
EndProject
Project("{8BC9CEB8-8B4A-11D0-8D11-00A0C91BC942}") = "cli", "cli.vcproj", "{705282AC-841F-462E-9E33-AF7DFE05950A}"
	ProjectSection(ProjectDependencies) = postProject
		{FDFB261A-7BFF-4AEB-993B-A69F288EE63B} = {FDFB261A-7BFF-4AEB-993B-A69F288EE63B}
		{673AA925-B249-4844-B66A-3E3BDD21BEC1} = {673AA925-B249-4844-B66A-3E3BDD21BEC1}
		{E66AD432-E6A3-41AB-8737-474B4FB6D6B6} = {E66AD432-E6A3-41AB-8737-474B4FB6D6B6}
		{9D82AD4E-CE4C-46A8-8ED1-DE21AC852EC2} = {9D82AD4E-CE4C-46A8-8ED1-DE21AC852EC2}
		{D8FCBB6A-98EA-4F4C-871C-6920708A6730} = {D8FCBB6A-98EA-4F4C-871C-6920708A6730}
		{A432D17F-786E-4A3C-A038-FB56FC2A235A} = {A432D17F-786E-4A3C-A038-FB56FC2A235A}
		{B30F00CC-B5CD-4DD5-AC67-EF7F205B836A} = {B30F00CC-B5CD-4DD5-AC67-EF7F205B836A}
		{060FF3F8-1AB3-411A-BD69-E95BFBD3745E} = {060FF3F8-1AB3-411A-BD69-E95BFBD3745E}
	EndProjectSection
EndProject
Project("{8BC9CEB8-8B4A-11D0-8D11-00A0C91BC942}") = "comm", "comm.vcproj", "{B30F00CC-B5CD-4DD5-AC67-EF7F205B836A}"
	ProjectSection(ProjectDependencies) = postProject
		{FDFB261A-7BFF-4AEB-993B-A69F288EE63B} = {FDFB261A-7BFF-4AEB-993B-A69F288EE63B}
	EndProjectSection
EndProject
Project("{8BC9CEB8-8B4A-11D0-8D11-00A0C91BC942}") = "database_ser", "database_ser.vcproj", "{23513843-78F3-4EBF-A8A6-F3BDAE2A4288}"
	ProjectSection(ProjectDependencies) = postProject
		{FDFB261A-7BFF-4AEB-993B-A69F288EE63B} = {FDFB261A-7BFF-4AEB-993B-A69F288EE63B}
		{276EAB20-080C-4744-AABB-15423B68E0CB} = {276EAB20-080C-4744-AABB-15423B68E0CB}
		{673AA925-B249-4844-B66A-3E3BDD21BEC1} = {673AA925-B249-4844-B66A-3E3BDD21BEC1}
		{E66AD432-E6A3-41AB-8737-474B4FB6D6B6} = {E66AD432-E6A3-41AB-8737-474B4FB6D6B6}
		{21A1D649-11A7-4C77-BDE9-D517B6865F63} = {21A1D649-11A7-4C77-BDE9-D517B6865F63}
		{0F781B96-E0F4-41E0-9826-BE279127E58B} = {0F781B96-E0F4-41E0-9826-BE279127E58B}
		{FAB05397-3048-4B79-B61D-D0B1F3ECF79D} = {FAB05397-3048-4B79-B61D-D0B1F3ECF79D}
		{9E0413A0-4823-4CB4-A64B-AEEEC412006E} = {9E0413A0-4823-4CB4-A64B-AEEEC412006E}
		{126C27D6-2DF3-491F-BFC8-8726F5FE382A} = {126C27D6-2DF3-491F-BFC8-8726F5FE382A}
		{B3A5D1EB-5A74-4AFF-975C-BC4D0208F65E} = {B3A5D1EB-5A74-4AFF-975C-BC4D0208F65E}
		{060FF3F8-1AB3-411A-BD69-E95BFBD3745E} = {060FF3F8-1AB3-411A-BD69-E95BFBD3745E}
	EndProjectSection
EndProject
Project("{8BC9CEB8-8B4A-11D0-8D11-00A0C91BC942}") = "dbatts", "dbatts.vcproj", "{E66AD432-E6A3-41AB-8737-474B4FB6D6B6}"
	ProjectSection(ProjectDependencies) = postProject
		{FDFB261A-7BFF-4AEB-993B-A69F288EE63B} = {FDFB261A-7BFF-4AEB-993B-A69F288EE63B}
		{276EAB20-080C-4744-AABB-15423B68E0CB} = {276EAB20-080C-4744-AABB-15423B68E0CB}
		{21A1D649-11A7-4C77-BDE9-D517B6865F63} = {21A1D649-11A7-4C77-BDE9-D517B6865F63}
		{B30F00CC-B5CD-4DD5-AC67-EF7F205B836A} = {B30F00CC-B5CD-4DD5-AC67-EF7F205B836A}
		{126C27D6-2DF3-491F-BFC8-8726F5FE382A} = {126C27D6-2DF3-491F-BFC8-8726F5FE382A}
		{060FF3F8-1AB3-411A-BD69-E95BFBD3745E} = {060FF3F8-1AB3-411A-BD69-E95BFBD3745E}
	EndProjectSection
EndProject
Project("{8BC9CEB8-8B4A-11D0-8D11-00A0C91BC942}") = "engine", "engine.vcproj", "{3ECB634E-B9EB-4BA1-93DC-2C19D14DC2BA}"
	ProjectSection(ProjectDependencies) = postProject
		{FDFB261A-7BFF-4AEB-993B-A69F288EE63B} = {FDFB261A-7BFF-4AEB-993B-A69F288EE63B}
		{276EAB20-080C-4744-AABB-15423B68E0CB} = {276EAB20-080C-4744-AABB-15423B68E0CB}
		{673AA925-B249-4844-B66A-3E3BDD21BEC1} = {673AA925-B249-4844-B66A-3E3BDD21BEC1}
		{FB1EAB31-E4C8-40A5-BD66-DDAFB0926A68} = {FB1EAB31-E4C8-40A5-BD66-DDAFB0926A68}
		{E66AD432-E6A3-41AB-8737-474B4FB6D6B6} = {E66AD432-E6A3-41AB-8737-474B4FB6D6B6}
		{23513843-78F3-4EBF-A8A6-F3BDAE2A4288} = {23513843-78F3-4EBF-A8A6-F3BDAE2A4288}
		{21A1D649-11A7-4C77-BDE9-D517B6865F63} = {21A1D649-11A7-4C77-BDE9-D517B6865F63}
		{6132944D-FCFC-43EC-9DBB-7A44D29DF1B1} = {6132944D-FCFC-43EC-9DBB-7A44D29DF1B1}
		{12F0ED77-0792-46E1-82AB-6D1A57E1C35F} = {12F0ED77-0792-46E1-82AB-6D1A57E1C35F}
		{4D2F6D9C-9174-4FDE-9DA6-85CF2190C87F} = {4D2F6D9C-9174-4FDE-9DA6-85CF2190C87F}
		{734D8B9F-7054-4EC1-9925-E7B984DB3C60} = {734D8B9F-7054-4EC1-9925-E7B984DB3C60}
		{799BFFCA-DED8-4517-8171-3445E1AAD6BF} = {799BFFCA-DED8-4517-8171-3445E1AAD6BF}
		{B30F00CC-B5CD-4DD5-AC67-EF7F205B836A} = {B30F00CC-B5CD-4DD5-AC67-EF7F205B836A}
		{98BBA4CC-F24A-4D49-AA1C-64F003E6E1A7} = {98BBA4CC-F24A-4D49-AA1C-64F003E6E1A7}
		{126C27D6-2DF3-491F-BFC8-8726F5FE382A} = {126C27D6-2DF3-491F-BFC8-8726F5FE382A}
		{B3A5D1EB-5A74-4AFF-975C-BC4D0208F65E} = {B3A5D1EB-5A74-4AFF-975C-BC4D0208F65E}
		{7DD592EE-BFF8-4855-BE02-3BE6209DBD1D} = {7DD592EE-BFF8-4855-BE02-3BE6209DBD1D}
		{060FF3F8-1AB3-411A-BD69-E95BFBD3745E} = {060FF3F8-1AB3-411A-BD69-E95BFBD3745E}
	EndProjectSection
EndProject
Project("{8BC9CEB8-8B4A-11D0-8D11-00A0C91BC942}") = "engineproxy", "engineproxy.vcproj", "{35F81395-B104-4940-A0B3-2F8EF44D6484}"
	ProjectSection(ProjectDependencies) = postProject
		{207F1D18-B57C-4FA2-98DF-8A4851FB2863} = {207F1D18-B57C-4FA2-98DF-8A4851FB2863}
		{FDFB261A-7BFF-4AEB-993B-A69F288EE63B} = {FDFB261A-7BFF-4AEB-993B-A69F288EE63B}
		{276EAB20-080C-4744-AABB-15423B68E0CB} = {276EAB20-080C-4744-AABB-15423B68E0CB}
		{E66AD432-E6A3-41AB-8737-474B4FB6D6B6} = {E66AD432-E6A3-41AB-8737-474B4FB6D6B6}
		{21A1D649-11A7-4C77-BDE9-D517B6865F63} = {21A1D649-11A7-4C77-BDE9-D517B6865F63}
		{0F781B96-E0F4-41E0-9826-BE279127E58B} = {0F781B96-E0F4-41E0-9826-BE279127E58B}
		{B30F00CC-B5CD-4DD5-AC67-EF7F205B836A} = {B30F00CC-B5CD-4DD5-AC67-EF7F205B836A}
		{126C27D6-2DF3-491F-BFC8-8726F5FE382A} = {126C27D6-2DF3-491F-BFC8-8726F5FE382A}
		{060FF3F8-1AB3-411A-BD69-E95BFBD3745E} = {060FF3F8-1AB3-411A-BD69-E95BFBD3745E}
	EndProjectSection
EndProject
Project("{8BC9CEB8-8B4A-11D0-8D11-00A0C91BC942}") = "enginerpc", "enginerpc.vcproj", "{7DD592EE-BFF8-4855-BE02-3BE6209DBD1D}"
	ProjectSection(ProjectDependencies) = postProject
		{FDFB261A-7BFF-4AEB-993B-A69F288EE63B} = {FDFB261A-7BFF-4AEB-993B-A69F288EE63B}
		{060FF3F8-1AB3-411A-BD69-E95BFBD3745E} = {060FF3F8-1AB3-411A-BD69-E95BFBD3745E}
	EndProjectSection
EndProject
Project("{8BC9CEB8-8B4A-11D0-8D11-00A0C91BC942}") = "expression", "expression.vcproj", "{6132944D-FCFC-43EC-9DBB-7A44D29DF1B1}"
	ProjectSection(ProjectDependencies) = postProject
		{AB3AA31D-B60A-4242-89F5-8C8D95DD95D5} = {AB3AA31D-B60A-4242-89F5-8C8D95DD95D5}
		{276EAB20-080C-4744-AABB-15423B68E0CB} = {276EAB20-080C-4744-AABB-15423B68E0CB}
		{E66AD432-E6A3-41AB-8737-474B4FB6D6B6} = {E66AD432-E6A3-41AB-8737-474B4FB6D6B6}
		{23513843-78F3-4EBF-A8A6-F3BDAE2A4288} = {23513843-78F3-4EBF-A8A6-F3BDAE2A4288}
		{21A1D649-11A7-4C77-BDE9-D517B6865F63} = {21A1D649-11A7-4C77-BDE9-D517B6865F63}
		{0F781B96-E0F4-41E0-9826-BE279127E58B} = {0F781B96-E0F4-41E0-9826-BE279127E58B}
		{126C27D6-2DF3-491F-BFC8-8726F5FE382A} = {126C27D6-2DF3-491F-BFC8-8726F5FE382A}
	EndProjectSection
EndProject
Project("{8BC9CEB8-8B4A-11D0-8D11-00A0C91BC942}") = "gui", "gui.vcproj", "{BE4DA30E-0375-4862-9576-2A814109D01F}"
	ProjectSection(ProjectDependencies) = postProject
		{16AF4BF2-9431-4824-992B-B991A1BBE4C2} = {16AF4BF2-9431-4824-992B-B991A1BBE4C2}
	EndProjectSection
EndProject
Project("{8BC9CEB8-8B4A-11D0-8D11-00A0C91BC942}") = "guilib", "guilib.vcproj", "{16AF4BF2-9431-4824-992B-B991A1BBE4C2}"
	ProjectSection(ProjectDependencies) = postProject
		{FDFB261A-7BFF-4AEB-993B-A69F288EE63B} = {FDFB261A-7BFF-4AEB-993B-A69F288EE63B}
		{673AA925-B249-4844-B66A-3E3BDD21BEC1} = {673AA925-B249-4844-B66A-3E3BDD21BEC1}
		{B841D32F-1C73-466A-8F74-263BC7DE5AA0} = {B841D32F-1C73-466A-8F74-263BC7DE5AA0}
		{E66AD432-E6A3-41AB-8737-474B4FB6D6B6} = {E66AD432-E6A3-41AB-8737-474B4FB6D6B6}
		{5A149F44-CD8A-4A7A-9DAA-72289B1DB4F7} = {5A149F44-CD8A-4A7A-9DAA-72289B1DB4F7}
		{214CC144-25BC-4F5C-9B68-0DFEEAA607AB} = {214CC144-25BC-4F5C-9B68-0DFEEAA607AB}
		{9D82AD4E-CE4C-46A8-8ED1-DE21AC852EC2} = {9D82AD4E-CE4C-46A8-8ED1-DE21AC852EC2}
		{D8FCBB6A-98EA-4F4C-871C-6920708A6730} = {D8FCBB6A-98EA-4F4C-871C-6920708A6730}
		{2FFCF88B-4B30-49A8-8965-DEFFC44B3DD6} = {2FFCF88B-4B30-49A8-8965-DEFFC44B3DD6}
		{FAB05397-3048-4B79-B61D-D0B1F3ECF79D} = {FAB05397-3048-4B79-B61D-D0B1F3ECF79D}
		{B30F00CC-B5CD-4DD5-AC67-EF7F205B836A} = {B30F00CC-B5CD-4DD5-AC67-EF7F205B836A}
		{060FF3F8-1AB3-411A-BD69-E95BFBD3745E} = {060FF3F8-1AB3-411A-BD69-E95BFBD3745E}
	EndProjectSection
EndProject
Project("{8BC9CEB8-8B4A-11D0-8D11-00A0C91BC942}") = "mdserver", "mdserver.vcproj", "{EBA0140A-56FC-47F7-B4BC-CE706A1F7FE9}"
	ProjectSection(ProjectDependencies) = postProject
		{FDFB261A-7BFF-4AEB-993B-A69F288EE63B} = {FDFB261A-7BFF-4AEB-993B-A69F288EE63B}
		{673AA925-B249-4844-B66A-3E3BDD21BEC1} = {673AA925-B249-4844-B66A-3E3BDD21BEC1}
		{E66AD432-E6A3-41AB-8737-474B4FB6D6B6} = {E66AD432-E6A3-41AB-8737-474B4FB6D6B6}
		{23513843-78F3-4EBF-A8A6-F3BDAE2A4288} = {23513843-78F3-4EBF-A8A6-F3BDAE2A4288}
		{214CC144-25BC-4F5C-9B68-0DFEEAA607AB} = {214CC144-25BC-4F5C-9B68-0DFEEAA607AB}
		{035E609E-272D-4827-B389-A74C1E3E2143} = {035E609E-272D-4827-B389-A74C1E3E2143}
		{B30F00CC-B5CD-4DD5-AC67-EF7F205B836A} = {B30F00CC-B5CD-4DD5-AC67-EF7F205B836A}
		{126C27D6-2DF3-491F-BFC8-8726F5FE382A} = {126C27D6-2DF3-491F-BFC8-8726F5FE382A}
		{060FF3F8-1AB3-411A-BD69-E95BFBD3745E} = {060FF3F8-1AB3-411A-BD69-E95BFBD3745E}
	EndProjectSection
EndProject
Project("{8BC9CEB8-8B4A-11D0-8D11-00A0C91BC942}") = "mdsproxy", "mdsproxy.vcproj", "{2FFCF88B-4B30-49A8-8965-DEFFC44B3DD6}"
	ProjectSection(ProjectDependencies) = postProject
		{207F1D18-B57C-4FA2-98DF-8A4851FB2863} = {207F1D18-B57C-4FA2-98DF-8A4851FB2863}
		{E66AD432-E6A3-41AB-8737-474B4FB6D6B6} = {E66AD432-E6A3-41AB-8737-474B4FB6D6B6}
		{214CC144-25BC-4F5C-9B68-0DFEEAA607AB} = {214CC144-25BC-4F5C-9B68-0DFEEAA607AB}
		{B30F00CC-B5CD-4DD5-AC67-EF7F205B836A} = {B30F00CC-B5CD-4DD5-AC67-EF7F205B836A}
		{060FF3F8-1AB3-411A-BD69-E95BFBD3745E} = {060FF3F8-1AB3-411A-BD69-E95BFBD3745E}
	EndProjectSection
EndProject
Project("{8BC9CEB8-8B4A-11D0-8D11-00A0C91BC942}") = "mdsrpc", "mdsrpc.vcproj", "{214CC144-25BC-4F5C-9B68-0DFEEAA607AB}"
	ProjectSection(ProjectDependencies) = postProject
		{FDFB261A-7BFF-4AEB-993B-A69F288EE63B} = {FDFB261A-7BFF-4AEB-993B-A69F288EE63B}
		{E66AD432-E6A3-41AB-8737-474B4FB6D6B6} = {E66AD432-E6A3-41AB-8737-474B4FB6D6B6}
		{060FF3F8-1AB3-411A-BD69-E95BFBD3745E} = {060FF3F8-1AB3-411A-BD69-E95BFBD3745E}
	EndProjectSection
EndProject
Project("{8BC9CEB8-8B4A-11D0-8D11-00A0C91BC942}") = "mir", "mir.vcproj", "{9E0413A0-4823-4CB4-A64B-AEEEC412006E}"
	ProjectSection(ProjectDependencies) = postProject
		{FDFB261A-7BFF-4AEB-993B-A69F288EE63B} = {FDFB261A-7BFF-4AEB-993B-A69F288EE63B}
		{0F781B96-E0F4-41E0-9826-BE279127E58B} = {0F781B96-E0F4-41E0-9826-BE279127E58B}
		{126C27D6-2DF3-491F-BFC8-8726F5FE382A} = {126C27D6-2DF3-491F-BFC8-8726F5FE382A}
		{B3A5D1EB-5A74-4AFF-975C-BC4D0208F65E} = {B3A5D1EB-5A74-4AFF-975C-BC4D0208F65E}
	EndProjectSection
EndProject
Project("{8BC9CEB8-8B4A-11D0-8D11-00A0C91BC942}") = "misc", "misc.vcproj", "{FDFB261A-7BFF-4AEB-993B-A69F288EE63B}"
	ProjectSection(ProjectDependencies) = postProject
	EndProjectSection
EndProject
Project("{8BC9CEB8-8B4A-11D0-8D11-00A0C91BC942}") = "pipeline_ser", "pipeline_ser.vcproj", "{0F781B96-E0F4-41E0-9826-BE279127E58B}"
	ProjectSection(ProjectDependencies) = postProject
		{FDFB261A-7BFF-4AEB-993B-A69F288EE63B} = {FDFB261A-7BFF-4AEB-993B-A69F288EE63B}
		{E66AD432-E6A3-41AB-8737-474B4FB6D6B6} = {E66AD432-E6A3-41AB-8737-474B4FB6D6B6}
		{FAB05397-3048-4B79-B61D-D0B1F3ECF79D} = {FAB05397-3048-4B79-B61D-D0B1F3ECF79D}
		{035E609E-272D-4827-B389-A74C1E3E2143} = {035E609E-272D-4827-B389-A74C1E3E2143}
		{B30F00CC-B5CD-4DD5-AC67-EF7F205B836A} = {B30F00CC-B5CD-4DD5-AC67-EF7F205B836A}
		{126C27D6-2DF3-491F-BFC8-8726F5FE382A} = {126C27D6-2DF3-491F-BFC8-8726F5FE382A}
		{8177ADE0-2DF7-44D5-96E6-CDB56CD9C9EA} = {8177ADE0-2DF7-44D5-96E6-CDB56CD9C9EA}
		{B3A5D1EB-5A74-4AFF-975C-BC4D0208F65E} = {B3A5D1EB-5A74-4AFF-975C-BC4D0208F65E}
		{060FF3F8-1AB3-411A-BD69-E95BFBD3745E} = {060FF3F8-1AB3-411A-BD69-E95BFBD3745E}
	EndProjectSection
EndProject
Project("{8BC9CEB8-8B4A-11D0-8D11-00A0C91BC942}") = "plotter", "plotter.vcproj", "{FB1EAB31-E4C8-40A5-BD66-DDAFB0926A68}"
	ProjectSection(ProjectDependencies) = postProject
		{83678B1F-44F9-4166-8F71-0C731BED6B36} = {83678B1F-44F9-4166-8F71-0C731BED6B36}
		{E66AD432-E6A3-41AB-8737-474B4FB6D6B6} = {E66AD432-E6A3-41AB-8737-474B4FB6D6B6}
		{0F781B96-E0F4-41E0-9826-BE279127E58B} = {0F781B96-E0F4-41E0-9826-BE279127E58B}
		{734D8B9F-7054-4EC1-9925-E7B984DB3C60} = {734D8B9F-7054-4EC1-9925-E7B984DB3C60}
		{98BBA4CC-F24A-4D49-AA1C-64F003E6E1A7} = {98BBA4CC-F24A-4D49-AA1C-64F003E6E1A7}
		{126C27D6-2DF3-491F-BFC8-8726F5FE382A} = {126C27D6-2DF3-491F-BFC8-8726F5FE382A}
		{B3A5D1EB-5A74-4AFF-975C-BC4D0208F65E} = {B3A5D1EB-5A74-4AFF-975C-BC4D0208F65E}
		{060FF3F8-1AB3-411A-BD69-E95BFBD3745E} = {060FF3F8-1AB3-411A-BD69-E95BFBD3745E}
	EndProjectSection
EndProject
Project("{8BC9CEB8-8B4A-11D0-8D11-00A0C91BC942}") = "plugin", "plugin.vcproj", "{673AA925-B249-4844-B66A-3E3BDD21BEC1}"
	ProjectSection(ProjectDependencies) = postProject
		{FDFB261A-7BFF-4AEB-993B-A69F288EE63B} = {FDFB261A-7BFF-4AEB-993B-A69F288EE63B}
		{B30F00CC-B5CD-4DD5-AC67-EF7F205B836A} = {B30F00CC-B5CD-4DD5-AC67-EF7F205B836A}
		{060FF3F8-1AB3-411A-BD69-E95BFBD3745E} = {060FF3F8-1AB3-411A-BD69-E95BFBD3745E}
	EndProjectSection
EndProject
Project("{8BC9CEB8-8B4A-11D0-8D11-00A0C91BC942}") = "proxybase", "proxybase.vcproj", "{207F1D18-B57C-4FA2-98DF-8A4851FB2863}"
	ProjectSection(ProjectDependencies) = postProject
	EndProjectSection
EndProject
Project("{8BC9CEB8-8B4A-11D0-8D11-00A0C91BC942}") = "qtviswindow", "qtviswindow.vcproj", "{68F5D4E5-0545-4998-980B-EC6246D6348A}"
	ProjectSection(ProjectDependencies) = postProject
		{4D2F6D9C-9174-4FDE-9DA6-85CF2190C87F} = {4D2F6D9C-9174-4FDE-9DA6-85CF2190C87F}
		{3684A1BF-2DB0-4003-8CCF-618DA3CA79AB} = {3684A1BF-2DB0-4003-8CCF-618DA3CA79AB}
		{98BBA4CC-F24A-4D49-AA1C-64F003E6E1A7} = {98BBA4CC-F24A-4D49-AA1C-64F003E6E1A7}
		{060FF3F8-1AB3-411A-BD69-E95BFBD3745E} = {060FF3F8-1AB3-411A-BD69-E95BFBD3745E}
	EndProjectSection
EndProject
Project("{8BC9CEB8-8B4A-11D0-8D11-00A0C91BC942}") = "queries", "queries.vcproj", "{799BFFCA-DED8-4517-8171-3445E1AAD6BF}"
	ProjectSection(ProjectDependencies) = postProject
		{FDFB261A-7BFF-4AEB-993B-A69F288EE63B} = {FDFB261A-7BFF-4AEB-993B-A69F288EE63B}
		{E66AD432-E6A3-41AB-8737-474B4FB6D6B6} = {E66AD432-E6A3-41AB-8737-474B4FB6D6B6}
		{23513843-78F3-4EBF-A8A6-F3BDAE2A4288} = {23513843-78F3-4EBF-A8A6-F3BDAE2A4288}
		{6132944D-FCFC-43EC-9DBB-7A44D29DF1B1} = {6132944D-FCFC-43EC-9DBB-7A44D29DF1B1}
		{0F781B96-E0F4-41E0-9826-BE279127E58B} = {0F781B96-E0F4-41E0-9826-BE279127E58B}
		{035E609E-272D-4827-B389-A74C1E3E2143} = {035E609E-272D-4827-B389-A74C1E3E2143}
		{734D8B9F-7054-4EC1-9925-E7B984DB3C60} = {734D8B9F-7054-4EC1-9925-E7B984DB3C60}
		{126C27D6-2DF3-491F-BFC8-8726F5FE382A} = {126C27D6-2DF3-491F-BFC8-8726F5FE382A}
		{B3A5D1EB-5A74-4AFF-975C-BC4D0208F65E} = {B3A5D1EB-5A74-4AFF-975C-BC4D0208F65E}
		{060FF3F8-1AB3-411A-BD69-E95BFBD3745E} = {060FF3F8-1AB3-411A-BD69-E95BFBD3745E}
	EndProjectSection
EndProject
Project("{8BC9CEB8-8B4A-11D0-8D11-00A0C91BC942}") = "state", "state.vcproj", "{060FF3F8-1AB3-411A-BD69-E95BFBD3745E}"
	ProjectSection(ProjectDependencies) = postProject
		{FDFB261A-7BFF-4AEB-993B-A69F288EE63B} = {FDFB261A-7BFF-4AEB-993B-A69F288EE63B}
		{FAB05397-3048-4B79-B61D-D0B1F3ECF79D} = {FAB05397-3048-4B79-B61D-D0B1F3ECF79D}
		{B30F00CC-B5CD-4DD5-AC67-EF7F205B836A} = {B30F00CC-B5CD-4DD5-AC67-EF7F205B836A}
	EndProjectSection
EndProject
Project("{8BC9CEB8-8B4A-11D0-8D11-00A0C91BC942}") = "utility", "utility.vcproj", "{FAB05397-3048-4B79-B61D-D0B1F3ECF79D}"
	ProjectSection(ProjectDependencies) = postProject
	EndProjectSection
EndProject
Project("{8BC9CEB8-8B4A-11D0-8D11-00A0C91BC942}") = "vcl", "vcl.vcproj", "{141234C5-0925-448B-B613-E5B22AA55535}"
	ProjectSection(ProjectDependencies) = postProject
	EndProjectSection
EndProject
Project("{8BC9CEB8-8B4A-11D0-8D11-00A0C91BC942}") = "vclproxy", "vclproxy.vcproj", "{782C137A-F221-4113-A7EC-57FE7961B701}"
	ProjectSection(ProjectDependencies) = postProject
		{207F1D18-B57C-4FA2-98DF-8A4851FB2863} = {207F1D18-B57C-4FA2-98DF-8A4851FB2863}
		{2C93528A-AA49-4F66-8383-C751D5449B4E} = {2C93528A-AA49-4F66-8383-C751D5449B4E}
		{B30F00CC-B5CD-4DD5-AC67-EF7F205B836A} = {B30F00CC-B5CD-4DD5-AC67-EF7F205B836A}
		{060FF3F8-1AB3-411A-BD69-E95BFBD3745E} = {060FF3F8-1AB3-411A-BD69-E95BFBD3745E}
	EndProjectSection
EndProject
Project("{8BC9CEB8-8B4A-11D0-8D11-00A0C91BC942}") = "vclrpc", "vclrpc.vcproj", "{2C93528A-AA49-4F66-8383-C751D5449B4E}"
	ProjectSection(ProjectDependencies) = postProject
	EndProjectSection
EndProject
Project("{8BC9CEB8-8B4A-11D0-8D11-00A0C91BC942}") = "viewer", "viewer.vcproj", "{616ED4B0-EF1C-420F-920F-342CDEAA6FBD}"
	ProjectSection(ProjectDependencies) = postProject
		{D3745C94-2D6D-4DE7-B1A4-734F0C19A7C5} = {D3745C94-2D6D-4DE7-B1A4-734F0C19A7C5}
		{0F781B96-E0F4-41E0-9826-BE279127E58B} = {0F781B96-E0F4-41E0-9826-BE279127E58B}
	EndProjectSection
EndProject
Project("{8BC9CEB8-8B4A-11D0-8D11-00A0C91BC942}") = "viewerlib", "viewerlib.vcproj", "{D3745C94-2D6D-4DE7-B1A4-734F0C19A7C5}"
	ProjectSection(ProjectDependencies) = postProject
		{FDFB261A-7BFF-4AEB-993B-A69F288EE63B} = {FDFB261A-7BFF-4AEB-993B-A69F288EE63B}
		{276EAB20-080C-4744-AABB-15423B68E0CB} = {276EAB20-080C-4744-AABB-15423B68E0CB}
		{673AA925-B249-4844-B66A-3E3BDD21BEC1} = {673AA925-B249-4844-B66A-3E3BDD21BEC1}
		{B841D32F-1C73-466A-8F74-263BC7DE5AA0} = {B841D32F-1C73-466A-8F74-263BC7DE5AA0}
		{FB1EAB31-E4C8-40A5-BD66-DDAFB0926A68} = {FB1EAB31-E4C8-40A5-BD66-DDAFB0926A68}
		{E66AD432-E6A3-41AB-8737-474B4FB6D6B6} = {E66AD432-E6A3-41AB-8737-474B4FB6D6B6}
		{5A149F44-CD8A-4A7A-9DAA-72289B1DB4F7} = {5A149F44-CD8A-4A7A-9DAA-72289B1DB4F7}
		{214CC144-25BC-4F5C-9B68-0DFEEAA607AB} = {214CC144-25BC-4F5C-9B68-0DFEEAA607AB}
		{21A1D649-11A7-4C77-BDE9-D517B6865F63} = {21A1D649-11A7-4C77-BDE9-D517B6865F63}
		{D8FCBB6A-98EA-4F4C-871C-6920708A6730} = {D8FCBB6A-98EA-4F4C-871C-6920708A6730}
		{12F0ED77-0792-46E1-82AB-6D1A57E1C35F} = {12F0ED77-0792-46E1-82AB-6D1A57E1C35F}
		{782C137A-F221-4113-A7EC-57FE7961B701} = {782C137A-F221-4113-A7EC-57FE7961B701}
		{2FFCF88B-4B30-49A8-8965-DEFFC44B3DD6} = {2FFCF88B-4B30-49A8-8965-DEFFC44B3DD6}
		{35F81395-B104-4940-A0B3-2F8EF44D6484} = {35F81395-B104-4940-A0B3-2F8EF44D6484}
		{0F781B96-E0F4-41E0-9826-BE279127E58B} = {0F781B96-E0F4-41E0-9826-BE279127E58B}
		{4D2F6D9C-9174-4FDE-9DA6-85CF2190C87F} = {4D2F6D9C-9174-4FDE-9DA6-85CF2190C87F}
		{734D8B9F-7054-4EC1-9925-E7B984DB3C60} = {734D8B9F-7054-4EC1-9925-E7B984DB3C60}
		{3684A1BF-2DB0-4003-8CCF-618DA3CA79AB} = {3684A1BF-2DB0-4003-8CCF-618DA3CA79AB}
		{B30F00CC-B5CD-4DD5-AC67-EF7F205B836A} = {B30F00CC-B5CD-4DD5-AC67-EF7F205B836A}
		{98BBA4CC-F24A-4D49-AA1C-64F003E6E1A7} = {98BBA4CC-F24A-4D49-AA1C-64F003E6E1A7}
		{126C27D6-2DF3-491F-BFC8-8726F5FE382A} = {126C27D6-2DF3-491F-BFC8-8726F5FE382A}
		{68F5D4E5-0545-4998-980B-EC6246D6348A} = {68F5D4E5-0545-4998-980B-EC6246D6348A}
		{B3A5D1EB-5A74-4AFF-975C-BC4D0208F65E} = {B3A5D1EB-5A74-4AFF-975C-BC4D0208F65E}
		{7DD592EE-BFF8-4855-BE02-3BE6209DBD1D} = {7DD592EE-BFF8-4855-BE02-3BE6209DBD1D}
		{060FF3F8-1AB3-411A-BD69-E95BFBD3745E} = {060FF3F8-1AB3-411A-BD69-E95BFBD3745E}
	EndProjectSection
EndProject
Project("{8BC9CEB8-8B4A-11D0-8D11-00A0C91BC942}") = "viewerproxy", "viewerproxy.vcproj", "{9D82AD4E-CE4C-46A8-8ED1-DE21AC852EC2}"
	ProjectSection(ProjectDependencies) = postProject
		{FDFB261A-7BFF-4AEB-993B-A69F288EE63B} = {FDFB261A-7BFF-4AEB-993B-A69F288EE63B}
		{673AA925-B249-4844-B66A-3E3BDD21BEC1} = {673AA925-B249-4844-B66A-3E3BDD21BEC1}
		{E66AD432-E6A3-41AB-8737-474B4FB6D6B6} = {E66AD432-E6A3-41AB-8737-474B4FB6D6B6}
		{D8FCBB6A-98EA-4F4C-871C-6920708A6730} = {D8FCBB6A-98EA-4F4C-871C-6920708A6730}
		{B30F00CC-B5CD-4DD5-AC67-EF7F205B836A} = {B30F00CC-B5CD-4DD5-AC67-EF7F205B836A}
		{060FF3F8-1AB3-411A-BD69-E95BFBD3745E} = {060FF3F8-1AB3-411A-BD69-E95BFBD3745E}
	EndProjectSection
EndProject
Project("{8BC9CEB8-8B4A-11D0-8D11-00A0C91BC942}") = "viewerrpc", "viewerrpc.vcproj", "{D8FCBB6A-98EA-4F4C-871C-6920708A6730}"
	ProjectSection(ProjectDependencies) = postProject
		{060FF3F8-1AB3-411A-BD69-E95BFBD3745E} = {060FF3F8-1AB3-411A-BD69-E95BFBD3745E}
	EndProjectSection
EndProject
Project("{8BC9CEB8-8B4A-11D0-8D11-00A0C91BC942}") = "visit_vtk", "visit_vtk.vcproj", "{B3A5D1EB-5A74-4AFF-975C-BC4D0208F65E}"
	ProjectSection(ProjectDependencies) = postProject
		{FDFB261A-7BFF-4AEB-993B-A69F288EE63B} = {FDFB261A-7BFF-4AEB-993B-A69F288EE63B}
		{035E609E-272D-4827-B389-A74C1E3E2143} = {035E609E-272D-4827-B389-A74C1E3E2143}
		{126C27D6-2DF3-491F-BFC8-8726F5FE382A} = {126C27D6-2DF3-491F-BFC8-8726F5FE382A}
	EndProjectSection
EndProject
Project("{8BC9CEB8-8B4A-11D0-8D11-00A0C91BC942}") = "visit_vtk_light", "visit_vtk_light.vcproj", "{035E609E-272D-4827-B389-A74C1E3E2143}"
	ProjectSection(ProjectDependencies) = postProject
		{126C27D6-2DF3-491F-BFC8-8726F5FE382A} = {126C27D6-2DF3-491F-BFC8-8726F5FE382A}
	EndProjectSection
EndProject
Project("{8BC9CEB8-8B4A-11D0-8D11-00A0C91BC942}") = "visitparser", "visitparser.vcproj", "{21A1D649-11A7-4C77-BDE9-D517B6865F63}"
	ProjectSection(ProjectDependencies) = postProject
		{126C27D6-2DF3-491F-BFC8-8726F5FE382A} = {126C27D6-2DF3-491F-BFC8-8726F5FE382A}
		{060FF3F8-1AB3-411A-BD69-E95BFBD3745E} = {060FF3F8-1AB3-411A-BD69-E95BFBD3745E}
	EndProjectSection
EndProject
Project("{8BC9CEB8-8B4A-11D0-8D11-00A0C91BC942}") = "viswindow", "viswindow.vcproj", "{4D2F6D9C-9174-4FDE-9DA6-85CF2190C87F}"
	ProjectSection(ProjectDependencies) = postProject
		{FDFB261A-7BFF-4AEB-993B-A69F288EE63B} = {FDFB261A-7BFF-4AEB-993B-A69F288EE63B}
		{FB1EAB31-E4C8-40A5-BD66-DDAFB0926A68} = {FB1EAB31-E4C8-40A5-BD66-DDAFB0926A68}
		{0F781B96-E0F4-41E0-9826-BE279127E58B} = {0F781B96-E0F4-41E0-9826-BE279127E58B}
		{3684A1BF-2DB0-4003-8CCF-618DA3CA79AB} = {3684A1BF-2DB0-4003-8CCF-618DA3CA79AB}
		{B30F00CC-B5CD-4DD5-AC67-EF7F205B836A} = {B30F00CC-B5CD-4DD5-AC67-EF7F205B836A}
		{98BBA4CC-F24A-4D49-AA1C-64F003E6E1A7} = {98BBA4CC-F24A-4D49-AA1C-64F003E6E1A7}
		{126C27D6-2DF3-491F-BFC8-8726F5FE382A} = {126C27D6-2DF3-491F-BFC8-8726F5FE382A}
		{8177ADE0-2DF7-44D5-96E6-CDB56CD9C9EA} = {8177ADE0-2DF7-44D5-96E6-CDB56CD9C9EA}
		{B3A5D1EB-5A74-4AFF-975C-BC4D0208F65E} = {B3A5D1EB-5A74-4AFF-975C-BC4D0208F65E}
		{060FF3F8-1AB3-411A-BD69-E95BFBD3745E} = {060FF3F8-1AB3-411A-BD69-E95BFBD3745E}
	EndProjectSection
EndProject
Project("{8BC9CEB8-8B4A-11D0-8D11-00A0C91BC942}") = "vtkqt", "vtkqt.vcproj", "{3684A1BF-2DB0-4003-8CCF-618DA3CA79AB}"
	ProjectSection(ProjectDependencies) = postProject
		{5A149F44-CD8A-4A7A-9DAA-72289B1DB4F7} = {5A149F44-CD8A-4A7A-9DAA-72289B1DB4F7}
	EndProjectSection
EndProject
Project("{8BC9CEB8-8B4A-11D0-8D11-00A0C91BC942}") = "winutil", "winutil.vcproj", "{B841D32F-1C73-466A-8F74-263BC7DE5AA0}"
	ProjectSection(ProjectDependencies) = postProject
		{5A149F44-CD8A-4A7A-9DAA-72289B1DB4F7} = {5A149F44-CD8A-4A7A-9DAA-72289B1DB4F7}
	EndProjectSection
EndProject
Project("{8BC9CEB8-8B4A-11D0-8D11-00A0C91BC942}") = "parallel_visit_vtk", "parallel_visit_vtk.vcproj", "{83678B1F-44F9-4166-8F71-0C731BED6B36}"
	ProjectSection(ProjectDependencies) = postProject
		{FDFB261A-7BFF-4AEB-993B-A69F288EE63B} = {FDFB261A-7BFF-4AEB-993B-A69F288EE63B}
		{035E609E-272D-4827-B389-A74C1E3E2143} = {035E609E-272D-4827-B389-A74C1E3E2143}
		{126C27D6-2DF3-491F-BFC8-8726F5FE382A} = {126C27D6-2DF3-491F-BFC8-8726F5FE382A}
	EndProjectSection
EndProject
Project("{8BC9CEB8-8B4A-11D0-8D11-00A0C91BC942}") = "visitexpr", "visitexpr.vcproj", "{276EAB20-080C-4744-AABB-15423B68E0CB}"
	ProjectSection(ProjectDependencies) = postProject
		{FDFB261A-7BFF-4AEB-993B-A69F288EE63B} = {FDFB261A-7BFF-4AEB-993B-A69F288EE63B}
		{21A1D649-11A7-4C77-BDE9-D517B6865F63} = {21A1D649-11A7-4C77-BDE9-D517B6865F63}
		{B30F00CC-B5CD-4DD5-AC67-EF7F205B836A} = {B30F00CC-B5CD-4DD5-AC67-EF7F205B836A}
		{060FF3F8-1AB3-411A-BD69-E95BFBD3745E} = {060FF3F8-1AB3-411A-BD69-E95BFBD3745E}
	EndProjectSection
EndProject
Project("{8BC9CEB8-8B4A-11D0-8D11-00A0C91BC942}") = "ddf", "ddf.vcproj", "{AB3AA31D-B60A-4242-89F5-8C8D95DD95D5}"
	ProjectSection(ProjectDependencies) = postProject
	EndProjectSection
EndProject
Project("{8BC9CEB8-8B4A-11D0-8D11-00A0C91BC942}") = "visitpylib", "visitpylib.vcproj", "{A432D17F-786E-4A3C-A038-FB56FC2A235A}"
	ProjectSection(ProjectDependencies) = postProject
	EndProjectSection
EndProject
Global
	GlobalSection(SolutionConfiguration) = preSolution
		Debug = Debug
		Release = Release
	EndGlobalSection
	GlobalSection(ProjectConfiguration) = postSolution
		{5A149F44-CD8A-4A7A-9DAA-72289B1DB4F7}.Debug.ActiveCfg = Debug|Win32
		{5A149F44-CD8A-4A7A-9DAA-72289B1DB4F7}.Debug.Build.0 = Debug|Win32
		{5A149F44-CD8A-4A7A-9DAA-72289B1DB4F7}.Release.ActiveCfg = Release|Win32
		{5A149F44-CD8A-4A7A-9DAA-72289B1DB4F7}.Release.Build.0 = Release|Win32
		{7070DACF-ECF1-47ED-96A1-7EB456E1531C}.Debug.ActiveCfg = Debug|Win32
		{7070DACF-ECF1-47ED-96A1-7EB456E1531C}.Debug.Build.0 = Debug|Win32
		{7070DACF-ECF1-47ED-96A1-7EB456E1531C}.Release.ActiveCfg = Release|Win32
		{7070DACF-ECF1-47ED-96A1-7EB456E1531C}.Release.Build.0 = Release|Win32
		{126C27D6-2DF3-491F-BFC8-8726F5FE382A}.Debug.ActiveCfg = Debug|Win32
		{126C27D6-2DF3-491F-BFC8-8726F5FE382A}.Debug.Build.0 = Debug|Win32
		{126C27D6-2DF3-491F-BFC8-8726F5FE382A}.Release.ActiveCfg = Release|Win32
		{126C27D6-2DF3-491F-BFC8-8726F5FE382A}.Release.Build.0 = Release|Win32
		{12F0ED77-0792-46E1-82AB-6D1A57E1C35F}.Debug.ActiveCfg = Debug|Win32
		{12F0ED77-0792-46E1-82AB-6D1A57E1C35F}.Debug.Build.0 = Debug|Win32
		{12F0ED77-0792-46E1-82AB-6D1A57E1C35F}.Release.ActiveCfg = Release|Win32
		{12F0ED77-0792-46E1-82AB-6D1A57E1C35F}.Release.Build.0 = Release|Win32
		{734D8B9F-7054-4EC1-9925-E7B984DB3C60}.Debug.ActiveCfg = Debug|Win32
		{734D8B9F-7054-4EC1-9925-E7B984DB3C60}.Debug.Build.0 = Debug|Win32
		{734D8B9F-7054-4EC1-9925-E7B984DB3C60}.Release.ActiveCfg = Release|Win32
		{734D8B9F-7054-4EC1-9925-E7B984DB3C60}.Release.Build.0 = Release|Win32
		{8177ADE0-2DF7-44D5-96E6-CDB56CD9C9EA}.Debug.ActiveCfg = Debug|Win32
		{8177ADE0-2DF7-44D5-96E6-CDB56CD9C9EA}.Debug.Build.0 = Debug|Win32
		{8177ADE0-2DF7-44D5-96E6-CDB56CD9C9EA}.Release.ActiveCfg = Release|Win32
		{8177ADE0-2DF7-44D5-96E6-CDB56CD9C9EA}.Release.Build.0 = Release|Win32
		{98BBA4CC-F24A-4D49-AA1C-64F003E6E1A7}.Debug.ActiveCfg = Debug|Win32
		{98BBA4CC-F24A-4D49-AA1C-64F003E6E1A7}.Debug.Build.0 = Debug|Win32
		{98BBA4CC-F24A-4D49-AA1C-64F003E6E1A7}.Release.ActiveCfg = Release|Win32
		{98BBA4CC-F24A-4D49-AA1C-64F003E6E1A7}.Release.Build.0 = Release|Win32
		{705282AC-841F-462E-9E33-AF7DFE05950A}.Debug.ActiveCfg = Debug|Win32
		{705282AC-841F-462E-9E33-AF7DFE05950A}.Debug.Build.0 = Debug|Win32
		{705282AC-841F-462E-9E33-AF7DFE05950A}.Release.ActiveCfg = Release|Win32
		{705282AC-841F-462E-9E33-AF7DFE05950A}.Release.Build.0 = Release|Win32
		{B30F00CC-B5CD-4DD5-AC67-EF7F205B836A}.Debug.ActiveCfg = Debug|Win32
		{B30F00CC-B5CD-4DD5-AC67-EF7F205B836A}.Debug.Build.0 = Debug|Win32
		{B30F00CC-B5CD-4DD5-AC67-EF7F205B836A}.Release.ActiveCfg = Release|Win32
		{B30F00CC-B5CD-4DD5-AC67-EF7F205B836A}.Release.Build.0 = Release|Win32
		{23513843-78F3-4EBF-A8A6-F3BDAE2A4288}.Debug.ActiveCfg = Debug|Win32
		{23513843-78F3-4EBF-A8A6-F3BDAE2A4288}.Debug.Build.0 = Debug|Win32
		{23513843-78F3-4EBF-A8A6-F3BDAE2A4288}.Release.ActiveCfg = Release|Win32
		{23513843-78F3-4EBF-A8A6-F3BDAE2A4288}.Release.Build.0 = Release|Win32
		{E66AD432-E6A3-41AB-8737-474B4FB6D6B6}.Debug.ActiveCfg = Debug|Win32
		{E66AD432-E6A3-41AB-8737-474B4FB6D6B6}.Debug.Build.0 = Debug|Win32
		{E66AD432-E6A3-41AB-8737-474B4FB6D6B6}.Release.ActiveCfg = Release|Win32
		{E66AD432-E6A3-41AB-8737-474B4FB6D6B6}.Release.Build.0 = Release|Win32
		{3ECB634E-B9EB-4BA1-93DC-2C19D14DC2BA}.Debug.ActiveCfg = Debug|Win32
		{3ECB634E-B9EB-4BA1-93DC-2C19D14DC2BA}.Debug.Build.0 = Debug|Win32
		{3ECB634E-B9EB-4BA1-93DC-2C19D14DC2BA}.Release.ActiveCfg = Release|Win32
		{3ECB634E-B9EB-4BA1-93DC-2C19D14DC2BA}.Release.Build.0 = Release|Win32
		{35F81395-B104-4940-A0B3-2F8EF44D6484}.Debug.ActiveCfg = Debug|Win32
		{35F81395-B104-4940-A0B3-2F8EF44D6484}.Debug.Build.0 = Debug|Win32
		{35F81395-B104-4940-A0B3-2F8EF44D6484}.Release.ActiveCfg = Release|Win32
		{35F81395-B104-4940-A0B3-2F8EF44D6484}.Release.Build.0 = Release|Win32
		{7DD592EE-BFF8-4855-BE02-3BE6209DBD1D}.Debug.ActiveCfg = Debug|Win32
		{7DD592EE-BFF8-4855-BE02-3BE6209DBD1D}.Debug.Build.0 = Debug|Win32
		{7DD592EE-BFF8-4855-BE02-3BE6209DBD1D}.Release.ActiveCfg = Release|Win32
		{7DD592EE-BFF8-4855-BE02-3BE6209DBD1D}.Release.Build.0 = Release|Win32
		{6132944D-FCFC-43EC-9DBB-7A44D29DF1B1}.Debug.ActiveCfg = Debug|Win32
		{6132944D-FCFC-43EC-9DBB-7A44D29DF1B1}.Debug.Build.0 = Debug|Win32
		{6132944D-FCFC-43EC-9DBB-7A44D29DF1B1}.Release.ActiveCfg = Release|Win32
		{6132944D-FCFC-43EC-9DBB-7A44D29DF1B1}.Release.Build.0 = Release|Win32
		{BE4DA30E-0375-4862-9576-2A814109D01F}.Debug.ActiveCfg = Debug|Win32
		{BE4DA30E-0375-4862-9576-2A814109D01F}.Debug.Build.0 = Debug|Win32
		{BE4DA30E-0375-4862-9576-2A814109D01F}.Release.ActiveCfg = Release|Win32
		{BE4DA30E-0375-4862-9576-2A814109D01F}.Release.Build.0 = Release|Win32
		{16AF4BF2-9431-4824-992B-B991A1BBE4C2}.Debug.ActiveCfg = Debug|Win32
		{16AF4BF2-9431-4824-992B-B991A1BBE4C2}.Debug.Build.0 = Debug|Win32
		{16AF4BF2-9431-4824-992B-B991A1BBE4C2}.Release.ActiveCfg = Release|Win32
		{16AF4BF2-9431-4824-992B-B991A1BBE4C2}.Release.Build.0 = Release|Win32
		{EBA0140A-56FC-47F7-B4BC-CE706A1F7FE9}.Debug.ActiveCfg = Debug|Win32
		{EBA0140A-56FC-47F7-B4BC-CE706A1F7FE9}.Debug.Build.0 = Debug|Win32
		{EBA0140A-56FC-47F7-B4BC-CE706A1F7FE9}.Release.ActiveCfg = Release|Win32
		{EBA0140A-56FC-47F7-B4BC-CE706A1F7FE9}.Release.Build.0 = Release|Win32
		{2FFCF88B-4B30-49A8-8965-DEFFC44B3DD6}.Debug.ActiveCfg = Debug|Win32
		{2FFCF88B-4B30-49A8-8965-DEFFC44B3DD6}.Debug.Build.0 = Debug|Win32
		{2FFCF88B-4B30-49A8-8965-DEFFC44B3DD6}.Release.ActiveCfg = Release|Win32
		{2FFCF88B-4B30-49A8-8965-DEFFC44B3DD6}.Release.Build.0 = Release|Win32
		{214CC144-25BC-4F5C-9B68-0DFEEAA607AB}.Debug.ActiveCfg = Debug|Win32
		{214CC144-25BC-4F5C-9B68-0DFEEAA607AB}.Debug.Build.0 = Debug|Win32
		{214CC144-25BC-4F5C-9B68-0DFEEAA607AB}.Release.ActiveCfg = Release|Win32
		{214CC144-25BC-4F5C-9B68-0DFEEAA607AB}.Release.Build.0 = Release|Win32
		{9E0413A0-4823-4CB4-A64B-AEEEC412006E}.Debug.ActiveCfg = Debug|Win32
		{9E0413A0-4823-4CB4-A64B-AEEEC412006E}.Debug.Build.0 = Debug|Win32
		{9E0413A0-4823-4CB4-A64B-AEEEC412006E}.Release.ActiveCfg = Release|Win32
		{9E0413A0-4823-4CB4-A64B-AEEEC412006E}.Release.Build.0 = Release|Win32
		{FDFB261A-7BFF-4AEB-993B-A69F288EE63B}.Debug.ActiveCfg = Debug|Win32
		{FDFB261A-7BFF-4AEB-993B-A69F288EE63B}.Debug.Build.0 = Debug|Win32
		{FDFB261A-7BFF-4AEB-993B-A69F288EE63B}.Release.ActiveCfg = Release|Win32
		{FDFB261A-7BFF-4AEB-993B-A69F288EE63B}.Release.Build.0 = Release|Win32
		{0F781B96-E0F4-41E0-9826-BE279127E58B}.Debug.ActiveCfg = Debug|Win32
		{0F781B96-E0F4-41E0-9826-BE279127E58B}.Debug.Build.0 = Debug|Win32
		{0F781B96-E0F4-41E0-9826-BE279127E58B}.Release.ActiveCfg = Release|Win32
		{0F781B96-E0F4-41E0-9826-BE279127E58B}.Release.Build.0 = Release|Win32
		{FB1EAB31-E4C8-40A5-BD66-DDAFB0926A68}.Debug.ActiveCfg = Debug|Win32
		{FB1EAB31-E4C8-40A5-BD66-DDAFB0926A68}.Debug.Build.0 = Debug|Win32
		{FB1EAB31-E4C8-40A5-BD66-DDAFB0926A68}.Release.ActiveCfg = Release|Win32
		{FB1EAB31-E4C8-40A5-BD66-DDAFB0926A68}.Release.Build.0 = Release|Win32
		{673AA925-B249-4844-B66A-3E3BDD21BEC1}.Debug.ActiveCfg = Debug|Win32
		{673AA925-B249-4844-B66A-3E3BDD21BEC1}.Debug.Build.0 = Debug|Win32
		{673AA925-B249-4844-B66A-3E3BDD21BEC1}.Release.ActiveCfg = Release|Win32
		{673AA925-B249-4844-B66A-3E3BDD21BEC1}.Release.Build.0 = Release|Win32
		{207F1D18-B57C-4FA2-98DF-8A4851FB2863}.Debug.ActiveCfg = Debug|Win32
		{207F1D18-B57C-4FA2-98DF-8A4851FB2863}.Debug.Build.0 = Debug|Win32
		{207F1D18-B57C-4FA2-98DF-8A4851FB2863}.Release.ActiveCfg = Release|Win32
		{207F1D18-B57C-4FA2-98DF-8A4851FB2863}.Release.Build.0 = Release|Win32
		{68F5D4E5-0545-4998-980B-EC6246D6348A}.Debug.ActiveCfg = Debug|Win32
		{68F5D4E5-0545-4998-980B-EC6246D6348A}.Debug.Build.0 = Debug|Win32
		{68F5D4E5-0545-4998-980B-EC6246D6348A}.Release.ActiveCfg = Release|Win32
		{68F5D4E5-0545-4998-980B-EC6246D6348A}.Release.Build.0 = Release|Win32
		{799BFFCA-DED8-4517-8171-3445E1AAD6BF}.Debug.ActiveCfg = Debug|Win32
		{799BFFCA-DED8-4517-8171-3445E1AAD6BF}.Debug.Build.0 = Debug|Win32
		{799BFFCA-DED8-4517-8171-3445E1AAD6BF}.Release.ActiveCfg = Release|Win32
		{799BFFCA-DED8-4517-8171-3445E1AAD6BF}.Release.Build.0 = Release|Win32
		{060FF3F8-1AB3-411A-BD69-E95BFBD3745E}.Debug.ActiveCfg = Debug|Win32
		{060FF3F8-1AB3-411A-BD69-E95BFBD3745E}.Debug.Build.0 = Debug|Win32
		{060FF3F8-1AB3-411A-BD69-E95BFBD3745E}.Release.ActiveCfg = Release|Win32
		{060FF3F8-1AB3-411A-BD69-E95BFBD3745E}.Release.Build.0 = Release|Win32
		{FAB05397-3048-4B79-B61D-D0B1F3ECF79D}.Debug.ActiveCfg = Debug|Win32
		{FAB05397-3048-4B79-B61D-D0B1F3ECF79D}.Debug.Build.0 = Debug|Win32
		{FAB05397-3048-4B79-B61D-D0B1F3ECF79D}.Release.ActiveCfg = Release|Win32
		{FAB05397-3048-4B79-B61D-D0B1F3ECF79D}.Release.Build.0 = Release|Win32
		{141234C5-0925-448B-B613-E5B22AA55535}.Debug.ActiveCfg = Debug|Win32
		{141234C5-0925-448B-B613-E5B22AA55535}.Debug.Build.0 = Debug|Win32
		{141234C5-0925-448B-B613-E5B22AA55535}.Release.ActiveCfg = Release|Win32
		{141234C5-0925-448B-B613-E5B22AA55535}.Release.Build.0 = Release|Win32
		{782C137A-F221-4113-A7EC-57FE7961B701}.Debug.ActiveCfg = Debug|Win32
		{782C137A-F221-4113-A7EC-57FE7961B701}.Debug.Build.0 = Debug|Win32
		{782C137A-F221-4113-A7EC-57FE7961B701}.Release.ActiveCfg = Release|Win32
		{782C137A-F221-4113-A7EC-57FE7961B701}.Release.Build.0 = Release|Win32
		{2C93528A-AA49-4F66-8383-C751D5449B4E}.Debug.ActiveCfg = Debug|Win32
		{2C93528A-AA49-4F66-8383-C751D5449B4E}.Debug.Build.0 = Debug|Win32
		{2C93528A-AA49-4F66-8383-C751D5449B4E}.Release.ActiveCfg = Release|Win32
		{2C93528A-AA49-4F66-8383-C751D5449B4E}.Release.Build.0 = Release|Win32
		{616ED4B0-EF1C-420F-920F-342CDEAA6FBD}.Debug.ActiveCfg = Debug|Win32
		{616ED4B0-EF1C-420F-920F-342CDEAA6FBD}.Debug.Build.0 = Debug|Win32
		{616ED4B0-EF1C-420F-920F-342CDEAA6FBD}.Release.ActiveCfg = Release|Win32
		{616ED4B0-EF1C-420F-920F-342CDEAA6FBD}.Release.Build.0 = Release|Win32
		{D3745C94-2D6D-4DE7-B1A4-734F0C19A7C5}.Debug.ActiveCfg = Debug|Win32
		{D3745C94-2D6D-4DE7-B1A4-734F0C19A7C5}.Debug.Build.0 = Debug|Win32
		{D3745C94-2D6D-4DE7-B1A4-734F0C19A7C5}.Release.ActiveCfg = Release|Win32
		{D3745C94-2D6D-4DE7-B1A4-734F0C19A7C5}.Release.Build.0 = Release|Win32
		{9D82AD4E-CE4C-46A8-8ED1-DE21AC852EC2}.Debug.ActiveCfg = Debug|Win32
		{9D82AD4E-CE4C-46A8-8ED1-DE21AC852EC2}.Debug.Build.0 = Debug|Win32
		{9D82AD4E-CE4C-46A8-8ED1-DE21AC852EC2}.Release.ActiveCfg = Release|Win32
		{9D82AD4E-CE4C-46A8-8ED1-DE21AC852EC2}.Release.Build.0 = Release|Win32
		{D8FCBB6A-98EA-4F4C-871C-6920708A6730}.Debug.ActiveCfg = Debug|Win32
		{D8FCBB6A-98EA-4F4C-871C-6920708A6730}.Debug.Build.0 = Debug|Win32
		{D8FCBB6A-98EA-4F4C-871C-6920708A6730}.Release.ActiveCfg = Release|Win32
		{D8FCBB6A-98EA-4F4C-871C-6920708A6730}.Release.Build.0 = Release|Win32
		{B3A5D1EB-5A74-4AFF-975C-BC4D0208F65E}.Debug.ActiveCfg = Debug|Win32
		{B3A5D1EB-5A74-4AFF-975C-BC4D0208F65E}.Debug.Build.0 = Debug|Win32
		{B3A5D1EB-5A74-4AFF-975C-BC4D0208F65E}.Release.ActiveCfg = Release|Win32
		{B3A5D1EB-5A74-4AFF-975C-BC4D0208F65E}.Release.Build.0 = Release|Win32
		{035E609E-272D-4827-B389-A74C1E3E2143}.Debug.ActiveCfg = Debug|Win32
		{035E609E-272D-4827-B389-A74C1E3E2143}.Debug.Build.0 = Debug|Win32
		{035E609E-272D-4827-B389-A74C1E3E2143}.Release.ActiveCfg = Release|Win32
		{035E609E-272D-4827-B389-A74C1E3E2143}.Release.Build.0 = Release|Win32
		{21A1D649-11A7-4C77-BDE9-D517B6865F63}.Debug.ActiveCfg = Debug|Win32
		{21A1D649-11A7-4C77-BDE9-D517B6865F63}.Debug.Build.0 = Debug|Win32
		{21A1D649-11A7-4C77-BDE9-D517B6865F63}.Release.ActiveCfg = Release|Win32
		{21A1D649-11A7-4C77-BDE9-D517B6865F63}.Release.Build.0 = Release|Win32
		{4D2F6D9C-9174-4FDE-9DA6-85CF2190C87F}.Debug.ActiveCfg = Debug|Win32
		{4D2F6D9C-9174-4FDE-9DA6-85CF2190C87F}.Debug.Build.0 = Debug|Win32
		{4D2F6D9C-9174-4FDE-9DA6-85CF2190C87F}.Release.ActiveCfg = Release|Win32
		{4D2F6D9C-9174-4FDE-9DA6-85CF2190C87F}.Release.Build.0 = Release|Win32
		{3684A1BF-2DB0-4003-8CCF-618DA3CA79AB}.Debug.ActiveCfg = Debug|Win32
		{3684A1BF-2DB0-4003-8CCF-618DA3CA79AB}.Debug.Build.0 = Debug|Win32
		{3684A1BF-2DB0-4003-8CCF-618DA3CA79AB}.Release.ActiveCfg = Release|Win32
		{3684A1BF-2DB0-4003-8CCF-618DA3CA79AB}.Release.Build.0 = Release|Win32
		{B841D32F-1C73-466A-8F74-263BC7DE5AA0}.Debug.ActiveCfg = Debug|Win32
		{B841D32F-1C73-466A-8F74-263BC7DE5AA0}.Debug.Build.0 = Debug|Win32
		{B841D32F-1C73-466A-8F74-263BC7DE5AA0}.Release.ActiveCfg = Release|Win32
		{B841D32F-1C73-466A-8F74-263BC7DE5AA0}.Release.Build.0 = Release|Win32
		{83678B1F-44F9-4166-8F71-0C731BED6B36}.Debug.ActiveCfg = Debug|Win32
		{83678B1F-44F9-4166-8F71-0C731BED6B36}.Debug.Build.0 = Debug|Win32
		{83678B1F-44F9-4166-8F71-0C731BED6B36}.Release.ActiveCfg = Release|Win32
		{83678B1F-44F9-4166-8F71-0C731BED6B36}.Release.Build.0 = Release|Win32
		{276EAB20-080C-4744-AABB-15423B68E0CB}.Debug.ActiveCfg = Debug|Win32
		{276EAB20-080C-4744-AABB-15423B68E0CB}.Debug.Build.0 = Debug|Win32
		{276EAB20-080C-4744-AABB-15423B68E0CB}.Release.ActiveCfg = Release|Win32
		{276EAB20-080C-4744-AABB-15423B68E0CB}.Release.Build.0 = Release|Win32
		{AB3AA31D-B60A-4242-89F5-8C8D95DD95D5}.Debug.ActiveCfg = Debug|Win32
		{AB3AA31D-B60A-4242-89F5-8C8D95DD95D5}.Debug.Build.0 = Debug|Win32
		{AB3AA31D-B60A-4242-89F5-8C8D95DD95D5}.Release.ActiveCfg = Release|Win32
		{AB3AA31D-B60A-4242-89F5-8C8D95DD95D5}.Release.Build.0 = Release|Win32
		{A432D17F-786E-4A3C-A038-FB56FC2A235A}.Debug.ActiveCfg = Debug|Win32
		{A432D17F-786E-4A3C-A038-FB56FC2A235A}.Debug.Build.0 = Debug|Win32
		{A432D17F-786E-4A3C-A038-FB56FC2A235A}.Release.ActiveCfg = Release|Win32
		{A432D17F-786E-4A3C-A038-FB56FC2A235A}.Release.Build.0 = Release|Win32
	EndGlobalSection
	GlobalSection(ExtensibilityGlobals) = postSolution
	EndGlobalSection
	GlobalSection(ExtensibilityAddIns) = postSolution
	EndGlobalSection
EndGlobal
